// !$*UTF8*$!
{
	archiveVersion = 1;
	classes = {
	};
	objectVersion = 56;
	objects = {

/* Begin PBXBuildFile section */
		0920577728DB650A00BAA9E1 /* TabbarView.swift in Sources */ = {isa = PBXBuildFile; fileRef = 0920577628DB650A00BAA9E1 /* TabbarView.swift */; };
		092C862328D7679B007C45F1 /* ApiManager.swift in Sources */ = {isa = PBXBuildFile; fileRef = 092C862228D7679B007C45F1 /* ApiManager.swift */; };
		092C862528D76EC9007C45F1 /* Errors.swift in Sources */ = {isa = PBXBuildFile; fileRef = 092C862428D76EC9007C45F1 /* Errors.swift */; };
		092C862B28D77931007C45F1 /* UserDefaults.swift in Sources */ = {isa = PBXBuildFile; fileRef = 092C862A28D77931007C45F1 /* UserDefaults.swift */; };
		093924FF28F48D39006B2438 /* RequestMoneyViewRequest.swift in Sources */ = {isa = PBXBuildFile; fileRef = 093924FE28F48D39006B2438 /* RequestMoneyViewRequest.swift */; };
		0939250128F48DA3006B2438 /* RequestMoneyView.swift in Sources */ = {isa = PBXBuildFile; fileRef = 0939250028F48DA3006B2438 /* RequestMoneyView.swift */; };
		0939250328F48DAD006B2438 /* RequestMoneyViewModel.swift in Sources */ = {isa = PBXBuildFile; fileRef = 0939250228F48DAD006B2438 /* RequestMoneyViewModel.swift */; };
		0939250628F496C3006B2438 /* NavbarView.swift in Sources */ = {isa = PBXBuildFile; fileRef = 0939250528F496C3006B2438 /* NavbarView.swift */; };
		093CC70F28E81E35005A4298 /* PendingFriendRequestsView.swift in Sources */ = {isa = PBXBuildFile; fileRef = 093CC70E28E81E35005A4298 /* PendingFriendRequestsView.swift */; };
		093CC71128E81E47005A4298 /* PendingFriendRequestsViewModel.swift in Sources */ = {isa = PBXBuildFile; fileRef = 093CC71028E81E47005A4298 /* PendingFriendRequestsViewModel.swift */; };
		093CC71428E83906005A4298 /* UpdateFriendRequestStatusRequest.swift in Sources */ = {isa = PBXBuildFile; fileRef = 093CC71328E83906005A4298 /* UpdateFriendRequestStatusRequest.swift */; };
		093E88DA28FDDCA000BFDB8D /* TransactionDetailsSheetViewModel.swift in Sources */ = {isa = PBXBuildFile; fileRef = 093E88D928FDDCA000BFDB8D /* TransactionDetailsSheetViewModel.swift */; };
		093E88DD28FDDF0400BFDB8D /* SettleSplitRequest.swift in Sources */ = {isa = PBXBuildFile; fileRef = 093E88DC28FDDF0400BFDB8D /* SettleSplitRequest.swift */; };
		0941FEF128E983F100897DC6 /* WalletViewModel.swift in Sources */ = {isa = PBXBuildFile; fileRef = 0941FEF028E983F100897DC6 /* WalletViewModel.swift */; };
		0941FEF328E9847300897DC6 /* AvatarWithoutBorderView.swift in Sources */ = {isa = PBXBuildFile; fileRef = 0941FEF228E9847300897DC6 /* AvatarWithoutBorderView.swift */; };
		0941FEF528E9895100897DC6 /* Double.swift in Sources */ = {isa = PBXBuildFile; fileRef = 0941FEF428E9895100897DC6 /* Double.swift */; };
		0956B9EA2906748E008FF179 /* TextEditorView.swift in Sources */ = {isa = PBXBuildFile; fileRef = 0956B9E92906748E008FF179 /* TextEditorView.swift */; };
		0958400B28E4C44000225BA3 /* MoneyRequest.swift in Sources */ = {isa = PBXBuildFile; fileRef = 0958400A28E4C44000225BA3 /* MoneyRequest.swift */; };
		0958400D28E4CE0C00225BA3 /* MoneyRequestRowView.swift in Sources */ = {isa = PBXBuildFile; fileRef = 0958400C28E4CE0C00225BA3 /* MoneyRequestRowView.swift */; };
		0958400F28E4DBD700225BA3 /* String.swift in Sources */ = {isa = PBXBuildFile; fileRef = 0958400E28E4DBD700225BA3 /* String.swift */; };
		099A30E228D497DE00F93215 /* BackgroundModifier.swift in Sources */ = {isa = PBXBuildFile; fileRef = 099A30E128D497DE00F93215 /* BackgroundModifier.swift */; };
		099D006C28F0A39100E6E324 /* MoneyRequestSheetViewModel.swift in Sources */ = {isa = PBXBuildFile; fileRef = 099D006B28F0A39100E6E324 /* MoneyRequestSheetViewModel.swift */; };
		099D006E28F0A3FE00E6E324 /* MoneyRequestStatusUpdateRequest.swift in Sources */ = {isa = PBXBuildFile; fileRef = 099D006D28F0A3FE00E6E324 /* MoneyRequestStatusUpdateRequest.swift */; };
		099D4B5828D63B6B00023AF2 /* TextFieldModifier.swift in Sources */ = {isa = PBXBuildFile; fileRef = 099D4B5728D63B6B00023AF2 /* TextFieldModifier.swift */; };
		099D4B5A28D63BEF00023AF2 /* TextField.swift in Sources */ = {isa = PBXBuildFile; fileRef = 099D4B5928D63BEF00023AF2 /* TextField.swift */; };
		099D4B5D28D63DEE00023AF2 /* ValidationErrorView.swift in Sources */ = {isa = PBXBuildFile; fileRef = 099D4B5C28D63DEE00023AF2 /* ValidationErrorView.swift */; };
		099D4B5F28D64FC300023AF2 /* AdaptsToKeyboardModifier.swift in Sources */ = {isa = PBXBuildFile; fileRef = 099D4B5E28D64FC300023AF2 /* AdaptsToKeyboardModifier.swift */; };
		099D4B6528D6536F00023AF2 /* HomeView.swift in Sources */ = {isa = PBXBuildFile; fileRef = 099D4B6428D6536F00023AF2 /* HomeView.swift */; };
		099D4B6728D65B5800023AF2 /* RegisterViewModel.swift in Sources */ = {isa = PBXBuildFile; fileRef = 099D4B6628D65B5800023AF2 /* RegisterViewModel.swift */; };
		099DCD3529055189005488B0 /* GenerateBillView.swift in Sources */ = {isa = PBXBuildFile; fileRef = 099DCD3429055189005488B0 /* GenerateBillView.swift */; };
		099DCD3729055AD5005488B0 /* SplitInput.swift in Sources */ = {isa = PBXBuildFile; fileRef = 099DCD3629055AD5005488B0 /* SplitInput.swift */; };
		099E1F0E28F73AEA000B71F8 /* BillRowView.swift in Sources */ = {isa = PBXBuildFile; fileRef = 099E1F0D28F73AEA000B71F8 /* BillRowView.swift */; };
		099E1F1028F73F29000B71F8 /* AvatarRowView.swift in Sources */ = {isa = PBXBuildFile; fileRef = 099E1F0F28F73F29000B71F8 /* AvatarRowView.swift */; };
		09A03A202900753E00BE6F19 /* AddViewModel.swift in Sources */ = {isa = PBXBuildFile; fileRef = 09A03A1F2900753E00BE6F19 /* AddViewModel.swift */; };
		09A2EA1328F2AE3F00F63832 /* EditMoneyRequestView.swift in Sources */ = {isa = PBXBuildFile; fileRef = 09A2EA1228F2AE3F00F63832 /* EditMoneyRequestView.swift */; };
		09A2EA1528F2AE4700F63832 /* EditMoneyRequestViewModel.swift in Sources */ = {isa = PBXBuildFile; fileRef = 09A2EA1428F2AE4700F63832 /* EditMoneyRequestViewModel.swift */; };
		09A2EA1728F2B0C200F63832 /* EditMoneyRequestRequest.swift in Sources */ = {isa = PBXBuildFile; fileRef = 09A2EA1628F2B0C200F63832 /* EditMoneyRequestRequest.swift */; };
		09A4437828E03534002B2F0C /* SessionState.swift in Sources */ = {isa = PBXBuildFile; fileRef = 09A4437728E03534002B2F0C /* SessionState.swift */; };
		09A5B98528E0D0FF004D48B3 /* PendingFriendRequestResponse.swift in Sources */ = {isa = PBXBuildFile; fileRef = 09A5B98428E0D0FF004D48B3 /* PendingFriendRequestResponse.swift */; };
		09A5B98728E0D13D004D48B3 /* FriendRequest.swift in Sources */ = {isa = PBXBuildFile; fileRef = 09A5B98628E0D13D004D48B3 /* FriendRequest.swift */; };
		09A5B98B28E0D732004D48B3 /* PersonRowView.swift in Sources */ = {isa = PBXBuildFile; fileRef = 09A5B98A28E0D732004D48B3 /* PersonRowView.swift */; };
		09A5B98D28E0E856004D48B3 /* SheetHeadingView.swift in Sources */ = {isa = PBXBuildFile; fileRef = 09A5B98C28E0E856004D48B3 /* SheetHeadingView.swift */; };
		09A5B98F28E0EB15004D48B3 /* SearchUsersResponse.swift in Sources */ = {isa = PBXBuildFile; fileRef = 09A5B98E28E0EB15004D48B3 /* SearchUsersResponse.swift */; };
		09A5B99128E0F091004D48B3 /* PeopleListView.swift in Sources */ = {isa = PBXBuildFile; fileRef = 09A5B99028E0F091004D48B3 /* PeopleListView.swift */; };
		09B2FF6F28FA9BC400A1FD1D /* Counter.swift in Sources */ = {isa = PBXBuildFile; fileRef = 09B2FF6E28FA9BC400A1FD1D /* Counter.swift */; };
		09B3651228DF56DE00910584 /* HomeViewModel.swift in Sources */ = {isa = PBXBuildFile; fileRef = 09B3651128DF56DE00910584 /* HomeViewModel.swift */; };
		09B3651528DF586D00910584 /* Stash.xcdatamodeld in Sources */ = {isa = PBXBuildFile; fileRef = 09B3651328DF586D00910584 /* Stash.xcdatamodeld */; };
		09B3651728DF5A5600910584 /* PersistenceManager.swift in Sources */ = {isa = PBXBuildFile; fileRef = 09B3651628DF5A5600910584 /* PersistenceManager.swift */; };
		09B4871F28E8BF7900596340 /* SendFriendRequestRequest.swift in Sources */ = {isa = PBXBuildFile; fileRef = 09B4871E28E8BF7900596340 /* SendFriendRequestRequest.swift */; };
		09B5589828DA3F530006DE68 /* UsernameAvailableResponse.swift in Sources */ = {isa = PBXBuildFile; fileRef = 09B5589728DA3F530006DE68 /* UsernameAvailableResponse.swift */; };
		09B5589B28DA4DAE0006DE68 /* Lottie in Frameworks */ = {isa = PBXBuildFile; productRef = 09B5589A28DA4DAE0006DE68 /* Lottie */; };
		09B5589D28DA4E920006DE68 /* LottieView.swift in Sources */ = {isa = PBXBuildFile; fileRef = 09B5589C28DA4E920006DE68 /* LottieView.swift */; };
		09B558A128DA50C50006DE68 /* SpinnerView.swift in Sources */ = {isa = PBXBuildFile; fileRef = 09B558A028DA50C50006DE68 /* SpinnerView.swift */; };
		09B6ED5A28DDCF2500CC2406 /* ImageLoader.swift in Sources */ = {isa = PBXBuildFile; fileRef = 09B6ED5928DDCF2500CC2406 /* ImageLoader.swift */; };
		09B6ED5C28DDD19200CC2406 /* CacheImageView.swift in Sources */ = {isa = PBXBuildFile; fileRef = 09B6ED5B28DDD19200CC2406 /* CacheImageView.swift */; };
		09B7D0A528EA133B0012394E /* SectionTitleView.swift in Sources */ = {isa = PBXBuildFile; fileRef = 09B7D0A428EA133B0012394E /* SectionTitleView.swift */; };
		09B7D0A728EA145F0012394E /* PillView.swift in Sources */ = {isa = PBXBuildFile; fileRef = 09B7D0A628EA145F0012394E /* PillView.swift */; };
		09B7D0A928EA267B0012394E /* MoneyRequestsResponse.swift in Sources */ = {isa = PBXBuildFile; fileRef = 09B7D0A828EA267B0012394E /* MoneyRequestsResponse.swift */; };
		09BBB62128D24DA10007ACEF /* ToastView.swift in Sources */ = {isa = PBXBuildFile; fileRef = 09BBB62028D24DA10007ACEF /* ToastView.swift */; };
		09BBB62328D257F70007ACEF /* UIScreen.swift in Sources */ = {isa = PBXBuildFile; fileRef = 09BBB62228D257F70007ACEF /* UIScreen.swift */; };
		09BBB62628D263ED0007ACEF /* ToastModifier.swift in Sources */ = {isa = PBXBuildFile; fileRef = 09BBB62528D263ED0007ACEF /* ToastModifier.swift */; };
		09BBB62828D2642E0007ACEF /* Toast.swift in Sources */ = {isa = PBXBuildFile; fileRef = 09BBB62728D2642E0007ACEF /* Toast.swift */; };
		09BBB62A28D26B380007ACEF /* View.swift in Sources */ = {isa = PBXBuildFile; fileRef = 09BBB62928D26B380007ACEF /* View.swift */; };
		09BEAA6828D102F500FFEF94 /* FrontendApp.swift in Sources */ = {isa = PBXBuildFile; fileRef = 09BEAA6728D102F500FFEF94 /* FrontendApp.swift */; };
		09BEAA6C28D102F500FFEF94 /* Assets.xcassets in Resources */ = {isa = PBXBuildFile; fileRef = 09BEAA6B28D102F500FFEF94 /* Assets.xcassets */; };
		09BEAA6F28D102F500FFEF94 /* Preview Assets.xcassets in Resources */ = {isa = PBXBuildFile; fileRef = 09BEAA6E28D102F500FFEF94 /* Preview Assets.xcassets */; };
		09BEAA8128D103EB00FFEF94 /* LoginView.swift in Sources */ = {isa = PBXBuildFile; fileRef = 09BEAA8028D103EB00FFEF94 /* LoginView.swift */; };
		09BEAA8328D108DA00FFEF94 /* LoginViewModel.swift in Sources */ = {isa = PBXBuildFile; fileRef = 09BEAA8228D108DA00FFEF94 /* LoginViewModel.swift */; };
		09BEAA8528D10A2C00FFEF94 /* Constants.swift in Sources */ = {isa = PBXBuildFile; fileRef = 09BEAA8428D10A2C00FFEF94 /* Constants.swift */; };
		09BEAA8B28D10D7A00FFEF94 /* LoginRequest.swift in Sources */ = {isa = PBXBuildFile; fileRef = 09BEAA8A28D10D7A00FFEF94 /* LoginRequest.swift */; };
		09BEAA8D28D10DB500FFEF94 /* CoreResponse.swift in Sources */ = {isa = PBXBuildFile; fileRef = 09BEAA8C28D10DB500FFEF94 /* CoreResponse.swift */; };
		09BEAA8F28D10EA800FFEF94 /* LoginResponse.swift in Sources */ = {isa = PBXBuildFile; fileRef = 09BEAA8E28D10EA800FFEF94 /* LoginResponse.swift */; };
		09C0425428D39BFD00FEAC6D /* PreviewProvider.swift in Sources */ = {isa = PBXBuildFile; fileRef = 09C0425328D39BFD00FEAC6D /* PreviewProvider.swift */; };
		09C0425928D3AE2C00FEAC6D /* PasswordFieldView.swift in Sources */ = {isa = PBXBuildFile; fileRef = 09C0425828D3AE2C00FEAC6D /* PasswordFieldView.swift */; };
		09C0425B28D3B2CE00FEAC6D /* Color.swift in Sources */ = {isa = PBXBuildFile; fileRef = 09C0425A28D3B2CE00FEAC6D /* Color.swift */; };
		09C1B46628ED67BF00FA35A8 /* MoneyRequestSheetView.swift in Sources */ = {isa = PBXBuildFile; fileRef = 09C1B46528ED67BF00FA35A8 /* MoneyRequestSheetView.swift */; };
		09C1B46828ED768E00FA35A8 /* Int.swift in Sources */ = {isa = PBXBuildFile; fileRef = 09C1B46728ED768E00FA35A8 /* Int.swift */; };
		09C1B46A28ED79A200FA35A8 /* IconLabelView.swift in Sources */ = {isa = PBXBuildFile; fileRef = 09C1B46928ED79A200FA35A8 /* IconLabelView.swift */; };
		09C33DDC28DEFF02003AE11E /* Tab.swift in Sources */ = {isa = PBXBuildFile; fileRef = 09C33DDB28DEFF02003AE11E /* Tab.swift */; };
		09C33DE228DF000E003AE11E /* BillsView.swift in Sources */ = {isa = PBXBuildFile; fileRef = 09C33DE128DF000E003AE11E /* BillsView.swift */; };
		09C4B2C728DB8B48008621AA /* WalletView.swift in Sources */ = {isa = PBXBuildFile; fileRef = 09C4B2C628DB8B48008621AA /* WalletView.swift */; };
		09C4B2CA28DB8B65008621AA /* AddView.swift in Sources */ = {isa = PBXBuildFile; fileRef = 09C4B2C928DB8B65008621AA /* AddView.swift */; };
		09C4B2CD28DB8B7B008621AA /* ProfileView.swift in Sources */ = {isa = PBXBuildFile; fileRef = 09C4B2CC28DB8B7B008621AA /* ProfileView.swift */; };
		09C4B2D128DB934A008621AA /* ProfileViewModel.swift in Sources */ = {isa = PBXBuildFile; fileRef = 09C4B2D028DB934A008621AA /* ProfileViewModel.swift */; };
		09C4B2D328DB97C8008621AA /* User.swift in Sources */ = {isa = PBXBuildFile; fileRef = 09C4B2D228DB97C8008621AA /* User.swift */; };
		09C4B2D528DB97D5008621AA /* Wallet.swift in Sources */ = {isa = PBXBuildFile; fileRef = 09C4B2D428DB97D5008621AA /* Wallet.swift */; };
		09C4B2DA28DB9A02008621AA /* AuthUserResponse.swift in Sources */ = {isa = PBXBuildFile; fileRef = 09C4B2D928DB9A02008621AA /* AuthUserResponse.swift */; };
		09C56DB328F7142600B72659 /* BillViewModel.swift in Sources */ = {isa = PBXBuildFile; fileRef = 09C56DB228F7142600B72659 /* BillViewModel.swift */; };
		09C56DB628F715BC00B72659 /* BillsResponse.swift in Sources */ = {isa = PBXBuildFile; fileRef = 09C56DB528F715BC00B72659 /* BillsResponse.swift */; };
		09C56DB828F7161100B72659 /* Bill.swift in Sources */ = {isa = PBXBuildFile; fileRef = 09C56DB728F7161100B72659 /* Bill.swift */; };
		09C56DBA28F7167000B72659 /* BillItem.swift in Sources */ = {isa = PBXBuildFile; fileRef = 09C56DB928F7167000B72659 /* BillItem.swift */; };
		09C56DBC28F716AE00B72659 /* Item.swift in Sources */ = {isa = PBXBuildFile; fileRef = 09C56DBB28F716AE00B72659 /* Item.swift */; };
		09C64C8128F9DC69001755C3 /* BillView.swift in Sources */ = {isa = PBXBuildFile; fileRef = 09C64C8028F9DC69001755C3 /* BillView.swift */; };
		09C64C8328F9FD40001755C3 /* BillProgressView.swift in Sources */ = {isa = PBXBuildFile; fileRef = 09C64C8228F9FD40001755C3 /* BillProgressView.swift */; };
		09C74D8B28F1CF1C001885FE /* AlertView.swift in Sources */ = {isa = PBXBuildFile; fileRef = 09C74D8A28F1CF1C001885FE /* AlertView.swift */; };
		09C92DB029040787005BF20B /* AddBillItemsView.swift in Sources */ = {isa = PBXBuildFile; fileRef = 09C92DAF29040787005BF20B /* AddBillItemsView.swift */; };
		09C92DB529040850005BF20B /* BillItemInput.swift in Sources */ = {isa = PBXBuildFile; fileRef = 09C92DB429040850005BF20B /* BillItemInput.swift */; };
		09C92DB72904095D005BF20B /* AddBillItemSheetView.swift in Sources */ = {isa = PBXBuildFile; fileRef = 09C92DB62904095D005BF20B /* AddBillItemSheetView.swift */; };
		09CB19D628FC87C00060A795 /* TransactionDetailsSheetView.swift in Sources */ = {isa = PBXBuildFile; fileRef = 09CB19D528FC87C00060A795 /* TransactionDetailsSheetView.swift */; };
		09CB888E28D5BB7D0077F045 /* RegisterRequest.swift in Sources */ = {isa = PBXBuildFile; fileRef = 09CB888D28D5BB7D0077F045 /* RegisterRequest.swift */; };
		09CB889028D5BB840077F045 /* RegisterResponse.swift in Sources */ = {isa = PBXBuildFile; fileRef = 09CB888F28D5BB840077F045 /* RegisterResponse.swift */; };
		09CB889428D5BBC30077F045 /* ActionButtonView.swift in Sources */ = {isa = PBXBuildFile; fileRef = 09CB889328D5BBC30077F045 /* ActionButtonView.swift */; };
		09CB889628D5BD280077F045 /* RegisterView.swift in Sources */ = {isa = PBXBuildFile; fileRef = 09CB889528D5BD280077F045 /* RegisterView.swift */; };
		09CB889A28D5CC0E0077F045 /* TextFieldView.swift in Sources */ = {isa = PBXBuildFile; fileRef = 09CB889928D5CC0E0077F045 /* TextFieldView.swift */; };
		09CD180728E0AFDC001E44B2 /* SearchFriendView.swift in Sources */ = {isa = PBXBuildFile; fileRef = 09CD180628E0AFDC001E44B2 /* SearchFriendView.swift */; };
		09CD180A28E0B692001E44B2 /* FriendsResponse.swift in Sources */ = {isa = PBXBuildFile; fileRef = 09CD180928E0B692001E44B2 /* FriendsResponse.swift */; };
		09CD180D28E0B70D001E44B2 /* SearchFriendViewModel.swift in Sources */ = {isa = PBXBuildFile; fileRef = 09CD180C28E0B70D001E44B2 /* SearchFriendViewModel.swift */; };
		09CEAC3728FBE49200FCAE77 /* TransactionsView.swift in Sources */ = {isa = PBXBuildFile; fileRef = 09CEAC3628FBE49100FCAE77 /* TransactionsView.swift */; };
		09CEAC3928FBE61F00FCAE77 /* TransactionsViewModel.swift in Sources */ = {isa = PBXBuildFile; fileRef = 09CEAC3828FBE61F00FCAE77 /* TransactionsViewModel.swift */; };
		09CEAC3B28FBE7DC00FCAE77 /* Transaction.swift in Sources */ = {isa = PBXBuildFile; fileRef = 09CEAC3A28FBE7DC00FCAE77 /* Transaction.swift */; };
		09CEAC3D28FBE8AD00FCAE77 /* GetTransactionsResponse.swift in Sources */ = {isa = PBXBuildFile; fileRef = 09CEAC3C28FBE8AD00FCAE77 /* GetTransactionsResponse.swift */; };
		09CEAC3F28FBEB0C00FCAE77 /* Types.swift in Sources */ = {isa = PBXBuildFile; fileRef = 09CEAC3E28FBEB0C00FCAE77 /* Types.swift */; };
		09CF061C28E2211300F2C481 /* UserView.swift in Sources */ = {isa = PBXBuildFile; fileRef = 09CF061B28E2211300F2C481 /* UserView.swift */; };
		09CF061E28E229B200F2C481 /* UserViewModel.swift in Sources */ = {isa = PBXBuildFile; fileRef = 09CF061D28E229B200F2C481 /* UserViewModel.swift */; };
		09CF062028E22A7700F2C481 /* UserWithFriendshipStatus.swift in Sources */ = {isa = PBXBuildFile; fileRef = 09CF061F28E22A7700F2C481 /* UserWithFriendshipStatus.swift */; };
		09D0AF4F28E34E0A003C5AC0 /* AvatarView.swift in Sources */ = {isa = PBXBuildFile; fileRef = 09D0AF4E28E34E0A003C5AC0 /* AvatarView.swift */; };
		09DC3A1128DCEB4800ECF8F2 /* LocalFileManager.swift in Sources */ = {isa = PBXBuildFile; fileRef = 09DC3A1028DCEB4800ECF8F2 /* LocalFileManager.swift */; };
		09EC2F2E28DE30A600C1D048 /* EditProfileView.swift in Sources */ = {isa = PBXBuildFile; fileRef = 09EC2F2D28DE30A600C1D048 /* EditProfileView.swift */; };
		09EC2F3028DE322200C1D048 /* EditProfileViewModel.swift in Sources */ = {isa = PBXBuildFile; fileRef = 09EC2F2F28DE322200C1D048 /* EditProfileViewModel.swift */; };
		09EC2F3228DE37A500C1D048 /* EditProfileRequest.swift in Sources */ = {isa = PBXBuildFile; fileRef = 09EC2F3128DE37A500C1D048 /* EditProfileRequest.swift */; };
		09EC2F3428DE37DE00C1D048 /* EditProfileResponse.swift in Sources */ = {isa = PBXBuildFile; fileRef = 09EC2F3328DE37DE00C1D048 /* EditProfileResponse.swift */; };
		09F5797928D70969003A54B3 /* NetworkManager.swift in Sources */ = {isa = PBXBuildFile; fileRef = 09F5797828D70969003A54B3 /* NetworkManager.swift */; };
/* End PBXBuildFile section */

/* Begin PBXFileReference section */
		0920577628DB650A00BAA9E1 /* TabbarView.swift */ = {isa = PBXFileReference; lastKnownFileType = sourcecode.swift; path = TabbarView.swift; sourceTree = "<group>"; };
		092C862228D7679B007C45F1 /* ApiManager.swift */ = {isa = PBXFileReference; lastKnownFileType = sourcecode.swift; path = ApiManager.swift; sourceTree = "<group>"; };
		092C862428D76EC9007C45F1 /* Errors.swift */ = {isa = PBXFileReference; lastKnownFileType = sourcecode.swift; path = Errors.swift; sourceTree = "<group>"; };
		092C862A28D77931007C45F1 /* UserDefaults.swift */ = {isa = PBXFileReference; lastKnownFileType = sourcecode.swift; path = UserDefaults.swift; sourceTree = "<group>"; };
		093924FE28F48D39006B2438 /* RequestMoneyViewRequest.swift */ = {isa = PBXFileReference; lastKnownFileType = sourcecode.swift; path = RequestMoneyViewRequest.swift; sourceTree = "<group>"; };
		0939250028F48DA3006B2438 /* RequestMoneyView.swift */ = {isa = PBXFileReference; lastKnownFileType = sourcecode.swift; path = RequestMoneyView.swift; sourceTree = "<group>"; };
		0939250228F48DAD006B2438 /* RequestMoneyViewModel.swift */ = {isa = PBXFileReference; lastKnownFileType = sourcecode.swift; path = RequestMoneyViewModel.swift; sourceTree = "<group>"; };
		0939250528F496C3006B2438 /* NavbarView.swift */ = {isa = PBXFileReference; lastKnownFileType = sourcecode.swift; path = NavbarView.swift; sourceTree = "<group>"; };
		093CC70E28E81E35005A4298 /* PendingFriendRequestsView.swift */ = {isa = PBXFileReference; lastKnownFileType = sourcecode.swift; path = PendingFriendRequestsView.swift; sourceTree = "<group>"; };
		093CC71028E81E47005A4298 /* PendingFriendRequestsViewModel.swift */ = {isa = PBXFileReference; lastKnownFileType = sourcecode.swift; path = PendingFriendRequestsViewModel.swift; sourceTree = "<group>"; };
		093CC71328E83906005A4298 /* UpdateFriendRequestStatusRequest.swift */ = {isa = PBXFileReference; lastKnownFileType = sourcecode.swift; path = UpdateFriendRequestStatusRequest.swift; sourceTree = "<group>"; };
		093E88D928FDDCA000BFDB8D /* TransactionDetailsSheetViewModel.swift */ = {isa = PBXFileReference; lastKnownFileType = sourcecode.swift; path = TransactionDetailsSheetViewModel.swift; sourceTree = "<group>"; };
		093E88DC28FDDF0400BFDB8D /* SettleSplitRequest.swift */ = {isa = PBXFileReference; lastKnownFileType = sourcecode.swift; path = SettleSplitRequest.swift; sourceTree = "<group>"; };
		0941FEF028E983F100897DC6 /* WalletViewModel.swift */ = {isa = PBXFileReference; lastKnownFileType = sourcecode.swift; path = WalletViewModel.swift; sourceTree = "<group>"; };
		0941FEF228E9847300897DC6 /* AvatarWithoutBorderView.swift */ = {isa = PBXFileReference; lastKnownFileType = sourcecode.swift; path = AvatarWithoutBorderView.swift; sourceTree = "<group>"; };
		0941FEF428E9895100897DC6 /* Double.swift */ = {isa = PBXFileReference; lastKnownFileType = sourcecode.swift; path = Double.swift; sourceTree = "<group>"; };
		0956B9E92906748E008FF179 /* TextEditorView.swift */ = {isa = PBXFileReference; lastKnownFileType = sourcecode.swift; path = TextEditorView.swift; sourceTree = "<group>"; };
		0958400A28E4C44000225BA3 /* MoneyRequest.swift */ = {isa = PBXFileReference; lastKnownFileType = sourcecode.swift; path = MoneyRequest.swift; sourceTree = "<group>"; };
		0958400C28E4CE0C00225BA3 /* MoneyRequestRowView.swift */ = {isa = PBXFileReference; lastKnownFileType = sourcecode.swift; path = MoneyRequestRowView.swift; sourceTree = "<group>"; };
		0958400E28E4DBD700225BA3 /* String.swift */ = {isa = PBXFileReference; lastKnownFileType = sourcecode.swift; path = String.swift; sourceTree = "<group>"; };
		099A30E128D497DE00F93215 /* BackgroundModifier.swift */ = {isa = PBXFileReference; lastKnownFileType = sourcecode.swift; path = BackgroundModifier.swift; sourceTree = "<group>"; };
		099D006B28F0A39100E6E324 /* MoneyRequestSheetViewModel.swift */ = {isa = PBXFileReference; lastKnownFileType = sourcecode.swift; path = MoneyRequestSheetViewModel.swift; sourceTree = "<group>"; };
		099D006D28F0A3FE00E6E324 /* MoneyRequestStatusUpdateRequest.swift */ = {isa = PBXFileReference; lastKnownFileType = sourcecode.swift; path = MoneyRequestStatusUpdateRequest.swift; sourceTree = "<group>"; };
		099D4B5728D63B6B00023AF2 /* TextFieldModifier.swift */ = {isa = PBXFileReference; lastKnownFileType = sourcecode.swift; path = TextFieldModifier.swift; sourceTree = "<group>"; };
		099D4B5928D63BEF00023AF2 /* TextField.swift */ = {isa = PBXFileReference; lastKnownFileType = sourcecode.swift; path = TextField.swift; sourceTree = "<group>"; };
		099D4B5C28D63DEE00023AF2 /* ValidationErrorView.swift */ = {isa = PBXFileReference; lastKnownFileType = sourcecode.swift; path = ValidationErrorView.swift; sourceTree = "<group>"; };
		099D4B5E28D64FC300023AF2 /* AdaptsToKeyboardModifier.swift */ = {isa = PBXFileReference; lastKnownFileType = sourcecode.swift; path = AdaptsToKeyboardModifier.swift; sourceTree = "<group>"; };
		099D4B6428D6536F00023AF2 /* HomeView.swift */ = {isa = PBXFileReference; lastKnownFileType = sourcecode.swift; path = HomeView.swift; sourceTree = "<group>"; };
		099D4B6628D65B5800023AF2 /* RegisterViewModel.swift */ = {isa = PBXFileReference; lastKnownFileType = sourcecode.swift; path = RegisterViewModel.swift; sourceTree = "<group>"; };
		099DCD3429055189005488B0 /* GenerateBillView.swift */ = {isa = PBXFileReference; lastKnownFileType = sourcecode.swift; path = GenerateBillView.swift; sourceTree = "<group>"; };
		099DCD3629055AD5005488B0 /* SplitInput.swift */ = {isa = PBXFileReference; lastKnownFileType = sourcecode.swift; path = SplitInput.swift; sourceTree = "<group>"; };
		099E1F0D28F73AEA000B71F8 /* BillRowView.swift */ = {isa = PBXFileReference; lastKnownFileType = sourcecode.swift; path = BillRowView.swift; sourceTree = "<group>"; };
		099E1F0F28F73F29000B71F8 /* AvatarRowView.swift */ = {isa = PBXFileReference; lastKnownFileType = sourcecode.swift; path = AvatarRowView.swift; sourceTree = "<group>"; };
		09A03A1F2900753E00BE6F19 /* AddViewModel.swift */ = {isa = PBXFileReference; lastKnownFileType = sourcecode.swift; path = AddViewModel.swift; sourceTree = "<group>"; };
		09A2EA1228F2AE3F00F63832 /* EditMoneyRequestView.swift */ = {isa = PBXFileReference; lastKnownFileType = sourcecode.swift; path = EditMoneyRequestView.swift; sourceTree = "<group>"; };
		09A2EA1428F2AE4700F63832 /* EditMoneyRequestViewModel.swift */ = {isa = PBXFileReference; lastKnownFileType = sourcecode.swift; path = EditMoneyRequestViewModel.swift; sourceTree = "<group>"; };
		09A2EA1628F2B0C200F63832 /* EditMoneyRequestRequest.swift */ = {isa = PBXFileReference; lastKnownFileType = sourcecode.swift; path = EditMoneyRequestRequest.swift; sourceTree = "<group>"; };
		09A4437728E03534002B2F0C /* SessionState.swift */ = {isa = PBXFileReference; lastKnownFileType = sourcecode.swift; path = SessionState.swift; sourceTree = "<group>"; };
		09A5B98428E0D0FF004D48B3 /* PendingFriendRequestResponse.swift */ = {isa = PBXFileReference; lastKnownFileType = sourcecode.swift; path = PendingFriendRequestResponse.swift; sourceTree = "<group>"; };
		09A5B98628E0D13D004D48B3 /* FriendRequest.swift */ = {isa = PBXFileReference; lastKnownFileType = sourcecode.swift; path = FriendRequest.swift; sourceTree = "<group>"; };
		09A5B98A28E0D732004D48B3 /* PersonRowView.swift */ = {isa = PBXFileReference; lastKnownFileType = sourcecode.swift; path = PersonRowView.swift; sourceTree = "<group>"; };
		09A5B98C28E0E856004D48B3 /* SheetHeadingView.swift */ = {isa = PBXFileReference; lastKnownFileType = sourcecode.swift; path = SheetHeadingView.swift; sourceTree = "<group>"; };
		09A5B98E28E0EB15004D48B3 /* SearchUsersResponse.swift */ = {isa = PBXFileReference; lastKnownFileType = sourcecode.swift; path = SearchUsersResponse.swift; sourceTree = "<group>"; };
		09A5B99028E0F091004D48B3 /* PeopleListView.swift */ = {isa = PBXFileReference; lastKnownFileType = sourcecode.swift; path = PeopleListView.swift; sourceTree = "<group>"; };
		09B2FF6E28FA9BC400A1FD1D /* Counter.swift */ = {isa = PBXFileReference; lastKnownFileType = sourcecode.swift; path = Counter.swift; sourceTree = "<group>"; };
		09B3651128DF56DE00910584 /* HomeViewModel.swift */ = {isa = PBXFileReference; lastKnownFileType = sourcecode.swift; path = HomeViewModel.swift; sourceTree = "<group>"; };
		09B3651428DF586D00910584 /* Stash.xcdatamodel */ = {isa = PBXFileReference; lastKnownFileType = wrapper.xcdatamodel; path = Stash.xcdatamodel; sourceTree = "<group>"; };
		09B3651628DF5A5600910584 /* PersistenceManager.swift */ = {isa = PBXFileReference; lastKnownFileType = sourcecode.swift; path = PersistenceManager.swift; sourceTree = "<group>"; };
		09B4871E28E8BF7900596340 /* SendFriendRequestRequest.swift */ = {isa = PBXFileReference; lastKnownFileType = sourcecode.swift; path = SendFriendRequestRequest.swift; sourceTree = "<group>"; };
		09B5589728DA3F530006DE68 /* UsernameAvailableResponse.swift */ = {isa = PBXFileReference; lastKnownFileType = sourcecode.swift; path = UsernameAvailableResponse.swift; sourceTree = "<group>"; };
		09B5589C28DA4E920006DE68 /* LottieView.swift */ = {isa = PBXFileReference; lastKnownFileType = sourcecode.swift; path = LottieView.swift; sourceTree = "<group>"; };
		09B558A028DA50C50006DE68 /* SpinnerView.swift */ = {isa = PBXFileReference; lastKnownFileType = sourcecode.swift; path = SpinnerView.swift; sourceTree = "<group>"; };
		09B6ED5928DDCF2500CC2406 /* ImageLoader.swift */ = {isa = PBXFileReference; lastKnownFileType = sourcecode.swift; path = ImageLoader.swift; sourceTree = "<group>"; };
		09B6ED5B28DDD19200CC2406 /* CacheImageView.swift */ = {isa = PBXFileReference; lastKnownFileType = sourcecode.swift; path = CacheImageView.swift; sourceTree = "<group>"; };
		09B7D0A428EA133B0012394E /* SectionTitleView.swift */ = {isa = PBXFileReference; lastKnownFileType = sourcecode.swift; path = SectionTitleView.swift; sourceTree = "<group>"; };
		09B7D0A628EA145F0012394E /* PillView.swift */ = {isa = PBXFileReference; lastKnownFileType = sourcecode.swift; path = PillView.swift; sourceTree = "<group>"; };
		09B7D0A828EA267B0012394E /* MoneyRequestsResponse.swift */ = {isa = PBXFileReference; lastKnownFileType = sourcecode.swift; path = MoneyRequestsResponse.swift; sourceTree = "<group>"; };
		09BBB62028D24DA10007ACEF /* ToastView.swift */ = {isa = PBXFileReference; lastKnownFileType = sourcecode.swift; path = ToastView.swift; sourceTree = "<group>"; };
		09BBB62228D257F70007ACEF /* UIScreen.swift */ = {isa = PBXFileReference; lastKnownFileType = sourcecode.swift; path = UIScreen.swift; sourceTree = "<group>"; };
		09BBB62528D263ED0007ACEF /* ToastModifier.swift */ = {isa = PBXFileReference; lastKnownFileType = sourcecode.swift; path = ToastModifier.swift; sourceTree = "<group>"; };
		09BBB62728D2642E0007ACEF /* Toast.swift */ = {isa = PBXFileReference; lastKnownFileType = sourcecode.swift; path = Toast.swift; sourceTree = "<group>"; };
		09BBB62928D26B380007ACEF /* View.swift */ = {isa = PBXFileReference; lastKnownFileType = sourcecode.swift; path = View.swift; sourceTree = "<group>"; };
		09BEAA6428D102F500FFEF94 /* Frontend.app */ = {isa = PBXFileReference; explicitFileType = wrapper.application; includeInIndex = 0; path = Frontend.app; sourceTree = BUILT_PRODUCTS_DIR; };
		09BEAA6728D102F500FFEF94 /* FrontendApp.swift */ = {isa = PBXFileReference; lastKnownFileType = sourcecode.swift; path = FrontendApp.swift; sourceTree = "<group>"; };
		09BEAA6B28D102F500FFEF94 /* Assets.xcassets */ = {isa = PBXFileReference; lastKnownFileType = folder.assetcatalog; path = Assets.xcassets; sourceTree = "<group>"; };
		09BEAA6E28D102F500FFEF94 /* Preview Assets.xcassets */ = {isa = PBXFileReference; lastKnownFileType = folder.assetcatalog; path = "Preview Assets.xcassets"; sourceTree = "<group>"; };
		09BEAA8028D103EB00FFEF94 /* LoginView.swift */ = {isa = PBXFileReference; lastKnownFileType = sourcecode.swift; path = LoginView.swift; sourceTree = "<group>"; };
		09BEAA8228D108DA00FFEF94 /* LoginViewModel.swift */ = {isa = PBXFileReference; lastKnownFileType = sourcecode.swift; path = LoginViewModel.swift; sourceTree = "<group>"; };
		09BEAA8428D10A2C00FFEF94 /* Constants.swift */ = {isa = PBXFileReference; lastKnownFileType = sourcecode.swift; path = Constants.swift; sourceTree = "<group>"; };
		09BEAA8A28D10D7A00FFEF94 /* LoginRequest.swift */ = {isa = PBXFileReference; lastKnownFileType = sourcecode.swift; path = LoginRequest.swift; sourceTree = "<group>"; };
		09BEAA8C28D10DB500FFEF94 /* CoreResponse.swift */ = {isa = PBXFileReference; lastKnownFileType = sourcecode.swift; path = CoreResponse.swift; sourceTree = "<group>"; };
		09BEAA8E28D10EA800FFEF94 /* LoginResponse.swift */ = {isa = PBXFileReference; lastKnownFileType = sourcecode.swift; path = LoginResponse.swift; sourceTree = "<group>"; };
		09C0425328D39BFD00FEAC6D /* PreviewProvider.swift */ = {isa = PBXFileReference; lastKnownFileType = sourcecode.swift; path = PreviewProvider.swift; sourceTree = "<group>"; };
		09C0425828D3AE2C00FEAC6D /* PasswordFieldView.swift */ = {isa = PBXFileReference; lastKnownFileType = sourcecode.swift; path = PasswordFieldView.swift; sourceTree = "<group>"; };
		09C0425A28D3B2CE00FEAC6D /* Color.swift */ = {isa = PBXFileReference; lastKnownFileType = sourcecode.swift; path = Color.swift; sourceTree = "<group>"; };
		09C1B46528ED67BF00FA35A8 /* MoneyRequestSheetView.swift */ = {isa = PBXFileReference; lastKnownFileType = sourcecode.swift; path = MoneyRequestSheetView.swift; sourceTree = "<group>"; };
		09C1B46728ED768E00FA35A8 /* Int.swift */ = {isa = PBXFileReference; lastKnownFileType = sourcecode.swift; path = Int.swift; sourceTree = "<group>"; };
		09C1B46928ED79A200FA35A8 /* IconLabelView.swift */ = {isa = PBXFileReference; lastKnownFileType = sourcecode.swift; path = IconLabelView.swift; sourceTree = "<group>"; };
		09C33DDB28DEFF02003AE11E /* Tab.swift */ = {isa = PBXFileReference; lastKnownFileType = sourcecode.swift; path = Tab.swift; sourceTree = "<group>"; };
		09C33DE128DF000E003AE11E /* BillsView.swift */ = {isa = PBXFileReference; lastKnownFileType = sourcecode.swift; path = BillsView.swift; sourceTree = "<group>"; };
		09C4B2C628DB8B48008621AA /* WalletView.swift */ = {isa = PBXFileReference; lastKnownFileType = sourcecode.swift; path = WalletView.swift; sourceTree = "<group>"; };
		09C4B2C928DB8B65008621AA /* AddView.swift */ = {isa = PBXFileReference; lastKnownFileType = sourcecode.swift; path = AddView.swift; sourceTree = "<group>"; };
		09C4B2CC28DB8B7B008621AA /* ProfileView.swift */ = {isa = PBXFileReference; lastKnownFileType = sourcecode.swift; path = ProfileView.swift; sourceTree = "<group>"; };
		09C4B2D028DB934A008621AA /* ProfileViewModel.swift */ = {isa = PBXFileReference; lastKnownFileType = sourcecode.swift; path = ProfileViewModel.swift; sourceTree = "<group>"; };
		09C4B2D228DB97C8008621AA /* User.swift */ = {isa = PBXFileReference; lastKnownFileType = sourcecode.swift; path = User.swift; sourceTree = "<group>"; };
		09C4B2D428DB97D5008621AA /* Wallet.swift */ = {isa = PBXFileReference; lastKnownFileType = sourcecode.swift; path = Wallet.swift; sourceTree = "<group>"; };
		09C4B2D928DB9A02008621AA /* AuthUserResponse.swift */ = {isa = PBXFileReference; lastKnownFileType = sourcecode.swift; path = AuthUserResponse.swift; sourceTree = "<group>"; };
		09C56DB228F7142600B72659 /* BillViewModel.swift */ = {isa = PBXFileReference; lastKnownFileType = sourcecode.swift; path = BillViewModel.swift; sourceTree = "<group>"; };
		09C56DB528F715BC00B72659 /* BillsResponse.swift */ = {isa = PBXFileReference; lastKnownFileType = sourcecode.swift; path = BillsResponse.swift; sourceTree = "<group>"; };
		09C56DB728F7161100B72659 /* Bill.swift */ = {isa = PBXFileReference; lastKnownFileType = sourcecode.swift; path = Bill.swift; sourceTree = "<group>"; };
		09C56DB928F7167000B72659 /* BillItem.swift */ = {isa = PBXFileReference; lastKnownFileType = sourcecode.swift; path = BillItem.swift; sourceTree = "<group>"; };
		09C56DBB28F716AE00B72659 /* Item.swift */ = {isa = PBXFileReference; lastKnownFileType = sourcecode.swift; path = Item.swift; sourceTree = "<group>"; };
		09C64C8028F9DC69001755C3 /* BillView.swift */ = {isa = PBXFileReference; lastKnownFileType = sourcecode.swift; path = BillView.swift; sourceTree = "<group>"; };
		09C64C8228F9FD40001755C3 /* BillProgressView.swift */ = {isa = PBXFileReference; lastKnownFileType = sourcecode.swift; path = BillProgressView.swift; sourceTree = "<group>"; };
		09C74D8A28F1CF1C001885FE /* AlertView.swift */ = {isa = PBXFileReference; lastKnownFileType = sourcecode.swift; path = AlertView.swift; sourceTree = "<group>"; };
		09C92DAF29040787005BF20B /* AddBillItemsView.swift */ = {isa = PBXFileReference; lastKnownFileType = sourcecode.swift; path = AddBillItemsView.swift; sourceTree = "<group>"; };
		09C92DB429040850005BF20B /* BillItemInput.swift */ = {isa = PBXFileReference; lastKnownFileType = sourcecode.swift; path = BillItemInput.swift; sourceTree = "<group>"; };
		09C92DB62904095D005BF20B /* AddBillItemSheetView.swift */ = {isa = PBXFileReference; lastKnownFileType = sourcecode.swift; path = AddBillItemSheetView.swift; sourceTree = "<group>"; };
		09CB19D528FC87C00060A795 /* TransactionDetailsSheetView.swift */ = {isa = PBXFileReference; lastKnownFileType = sourcecode.swift; path = TransactionDetailsSheetView.swift; sourceTree = "<group>"; };
		09CB888D28D5BB7D0077F045 /* RegisterRequest.swift */ = {isa = PBXFileReference; lastKnownFileType = sourcecode.swift; path = RegisterRequest.swift; sourceTree = "<group>"; };
		09CB888F28D5BB840077F045 /* RegisterResponse.swift */ = {isa = PBXFileReference; lastKnownFileType = sourcecode.swift; path = RegisterResponse.swift; sourceTree = "<group>"; };
		09CB889328D5BBC30077F045 /* ActionButtonView.swift */ = {isa = PBXFileReference; lastKnownFileType = sourcecode.swift; path = ActionButtonView.swift; sourceTree = "<group>"; };
		09CB889528D5BD280077F045 /* RegisterView.swift */ = {isa = PBXFileReference; lastKnownFileType = sourcecode.swift; path = RegisterView.swift; sourceTree = "<group>"; };
		09CB889928D5CC0E0077F045 /* TextFieldView.swift */ = {isa = PBXFileReference; lastKnownFileType = sourcecode.swift; path = TextFieldView.swift; sourceTree = "<group>"; };
		09CD180628E0AFDC001E44B2 /* SearchFriendView.swift */ = {isa = PBXFileReference; lastKnownFileType = sourcecode.swift; path = SearchFriendView.swift; sourceTree = "<group>"; };
		09CD180928E0B692001E44B2 /* FriendsResponse.swift */ = {isa = PBXFileReference; lastKnownFileType = sourcecode.swift; path = FriendsResponse.swift; sourceTree = "<group>"; };
		09CD180C28E0B70D001E44B2 /* SearchFriendViewModel.swift */ = {isa = PBXFileReference; lastKnownFileType = sourcecode.swift; path = SearchFriendViewModel.swift; sourceTree = "<group>"; };
		09CEAC3628FBE49100FCAE77 /* TransactionsView.swift */ = {isa = PBXFileReference; lastKnownFileType = sourcecode.swift; path = TransactionsView.swift; sourceTree = "<group>"; };
		09CEAC3828FBE61F00FCAE77 /* TransactionsViewModel.swift */ = {isa = PBXFileReference; lastKnownFileType = sourcecode.swift; path = TransactionsViewModel.swift; sourceTree = "<group>"; };
		09CEAC3A28FBE7DC00FCAE77 /* Transaction.swift */ = {isa = PBXFileReference; lastKnownFileType = sourcecode.swift; path = Transaction.swift; sourceTree = "<group>"; };
		09CEAC3C28FBE8AD00FCAE77 /* GetTransactionsResponse.swift */ = {isa = PBXFileReference; lastKnownFileType = sourcecode.swift; path = GetTransactionsResponse.swift; sourceTree = "<group>"; };
		09CEAC3E28FBEB0C00FCAE77 /* Types.swift */ = {isa = PBXFileReference; lastKnownFileType = sourcecode.swift; path = Types.swift; sourceTree = "<group>"; };
		09CF061B28E2211300F2C481 /* UserView.swift */ = {isa = PBXFileReference; lastKnownFileType = sourcecode.swift; path = UserView.swift; sourceTree = "<group>"; };
		09CF061D28E229B200F2C481 /* UserViewModel.swift */ = {isa = PBXFileReference; lastKnownFileType = sourcecode.swift; path = UserViewModel.swift; sourceTree = "<group>"; };
		09CF061F28E22A7700F2C481 /* UserWithFriendshipStatus.swift */ = {isa = PBXFileReference; lastKnownFileType = sourcecode.swift; path = UserWithFriendshipStatus.swift; sourceTree = "<group>"; };
		09D0AF4E28E34E0A003C5AC0 /* AvatarView.swift */ = {isa = PBXFileReference; lastKnownFileType = sourcecode.swift; path = AvatarView.swift; sourceTree = "<group>"; };
		09DC3A1028DCEB4800ECF8F2 /* LocalFileManager.swift */ = {isa = PBXFileReference; lastKnownFileType = sourcecode.swift; path = LocalFileManager.swift; sourceTree = "<group>"; };
		09EC2F2D28DE30A600C1D048 /* EditProfileView.swift */ = {isa = PBXFileReference; lastKnownFileType = sourcecode.swift; path = EditProfileView.swift; sourceTree = "<group>"; };
		09EC2F2F28DE322200C1D048 /* EditProfileViewModel.swift */ = {isa = PBXFileReference; lastKnownFileType = sourcecode.swift; path = EditProfileViewModel.swift; sourceTree = "<group>"; };
		09EC2F3128DE37A500C1D048 /* EditProfileRequest.swift */ = {isa = PBXFileReference; lastKnownFileType = sourcecode.swift; path = EditProfileRequest.swift; sourceTree = "<group>"; };
		09EC2F3328DE37DE00C1D048 /* EditProfileResponse.swift */ = {isa = PBXFileReference; lastKnownFileType = sourcecode.swift; path = EditProfileResponse.swift; sourceTree = "<group>"; };
		09F5797828D70969003A54B3 /* NetworkManager.swift */ = {isa = PBXFileReference; lastKnownFileType = sourcecode.swift; path = NetworkManager.swift; sourceTree = "<group>"; };
/* End PBXFileReference section */

/* Begin PBXFrameworksBuildPhase section */
		09BEAA6128D102F500FFEF94 /* Frameworks */ = {
			isa = PBXFrameworksBuildPhase;
			buildActionMask = 2147483647;
			files = (
				09B5589B28DA4DAE0006DE68 /* Lottie in Frameworks */,
			);
			runOnlyForDeploymentPostprocessing = 0;
		};
/* End PBXFrameworksBuildPhase section */

/* Begin PBXGroup section */
		0939250428F49682006B2438 /* Layout */ = {
			isa = PBXGroup;
			children = (
				0920577628DB650A00BAA9E1 /* TabbarView.swift */,
				09BBB62028D24DA10007ACEF /* ToastView.swift */,
				09A5B98C28E0E856004D48B3 /* SheetHeadingView.swift */,
				09B7D0A428EA133B0012394E /* SectionTitleView.swift */,
				0939250528F496C3006B2438 /* NavbarView.swift */,
			);
			path = Layout;
			sourceTree = "<group>";
		};
		093CC71228E838F4005A4298 /* Requests */ = {
			isa = PBXGroup;
			children = (
				093CC71328E83906005A4298 /* UpdateFriendRequestStatusRequest.swift */,
				09B4871E28E8BF7900596340 /* SendFriendRequestRequest.swift */,
			);
			path = Requests;
			sourceTree = "<group>";
		};
		093E88DB28FDDEF800BFDB8D /* Requests */ = {
			isa = PBXGroup;
			children = (
				093E88DC28FDDF0400BFDB8D /* SettleSplitRequest.swift */,
			);
			path = Requests;
			sourceTree = "<group>";
		};
		0941FEEB28E983B000897DC6 /* ViewModels */ = {
			isa = PBXGroup;
			children = (
				0941FEF028E983F100897DC6 /* WalletViewModel.swift */,
				099D006B28F0A39100E6E324 /* MoneyRequestSheetViewModel.swift */,
				09A2EA1428F2AE4700F63832 /* EditMoneyRequestViewModel.swift */,
				0939250228F48DAD006B2438 /* RequestMoneyViewModel.swift */,
			);
			path = ViewModels;
			sourceTree = "<group>";
		};
		0941FEEC28E983BC00897DC6 /* Views */ = {
			isa = PBXGroup;
			children = (
				09C4B2C628DB8B48008621AA /* WalletView.swift */,
				09C1B46528ED67BF00FA35A8 /* MoneyRequestSheetView.swift */,
				09A2EA1228F2AE3F00F63832 /* EditMoneyRequestView.swift */,
				0939250028F48DA3006B2438 /* RequestMoneyView.swift */,
			);
			path = Views;
			sourceTree = "<group>";
		};
		0941FEED28E983BF00897DC6 /* Models */ = {
			isa = PBXGroup;
			children = (
				0941FEEF28E983E100897DC6 /* Requests */,
				0941FEEE28E983C200897DC6 /* Responses */,
			);
			path = Models;
			sourceTree = "<group>";
		};
		0941FEEE28E983C200897DC6 /* Responses */ = {
			isa = PBXGroup;
			children = (
				09B7D0A828EA267B0012394E /* MoneyRequestsResponse.swift */,
			);
			path = Responses;
			sourceTree = "<group>";
		};
		0941FEEF28E983E100897DC6 /* Requests */ = {
			isa = PBXGroup;
			children = (
				099D006D28F0A3FE00E6E324 /* MoneyRequestStatusUpdateRequest.swift */,
				09A2EA1628F2B0C200F63832 /* EditMoneyRequestRequest.swift */,
				093924FE28F48D39006B2438 /* RequestMoneyViewRequest.swift */,
			);
			path = Requests;
			sourceTree = "<group>";
		};
		099D4B5B28D63DC700023AF2 /* Form */ = {
			isa = PBXGroup;
			children = (
				09C0425828D3AE2C00FEAC6D /* PasswordFieldView.swift */,
				09CB889328D5BBC30077F045 /* ActionButtonView.swift */,
				09CB889928D5CC0E0077F045 /* TextFieldView.swift */,
				099D4B5C28D63DEE00023AF2 /* ValidationErrorView.swift */,
				0956B9E92906748E008FF179 /* TextEditorView.swift */,
			);
			path = Form;
			sourceTree = "<group>";
		};
		099D4B6028D6535400023AF2 /* Home */ = {
			isa = PBXGroup;
			children = (
				09CD180828E0B656001E44B2 /* Models */,
				099D4B6128D6535900023AF2 /* Views */,
				099D4B6328D6536200023AF2 /* ViewModels */,
			);
			path = Home;
			sourceTree = "<group>";
		};
		099D4B6128D6535900023AF2 /* Views */ = {
			isa = PBXGroup;
			children = (
				099D4B6428D6536F00023AF2 /* HomeView.swift */,
				09CF061B28E2211300F2C481 /* UserView.swift */,
				09CD180628E0AFDC001E44B2 /* SearchFriendView.swift */,
				093CC70E28E81E35005A4298 /* PendingFriendRequestsView.swift */,
			);
			path = Views;
			sourceTree = "<group>";
		};
		099D4B6328D6536200023AF2 /* ViewModels */ = {
			isa = PBXGroup;
			children = (
				09B3651128DF56DE00910584 /* HomeViewModel.swift */,
				09CF061D28E229B200F2C481 /* UserViewModel.swift */,
				09CD180C28E0B70D001E44B2 /* SearchFriendViewModel.swift */,
				093CC71028E81E47005A4298 /* PendingFriendRequestsViewModel.swift */,
			);
			path = ViewModels;
			sourceTree = "<group>";
		};
		09A03A1D2900750B00BE6F19 /* ViewModels */ = {
			isa = PBXGroup;
			children = (
				09A03A1F2900753E00BE6F19 /* AddViewModel.swift */,
			);
			path = ViewModels;
			sourceTree = "<group>";
		};
		09A03A1E2900751200BE6F19 /* Views */ = {
			isa = PBXGroup;
			children = (
				09C4B2C928DB8B65008621AA /* AddView.swift */,
				09C92DAF29040787005BF20B /* AddBillItemsView.swift */,
				09C92DB62904095D005BF20B /* AddBillItemSheetView.swift */,
				099DCD3429055189005488B0 /* GenerateBillView.swift */,
			);
			path = Views;
			sourceTree = "<group>";
		};
		09A4437628E03502002B2F0C /* States */ = {
			isa = PBXGroup;
			children = (
				09A4437728E03534002B2F0C /* SessionState.swift */,
			);
			path = States;
			sourceTree = "<group>";
		};
		09BBB62428D263CE0007ACEF /* ViewModifiers */ = {
			isa = PBXGroup;
			children = (
				09BBB62528D263ED0007ACEF /* ToastModifier.swift */,
				099A30E128D497DE00F93215 /* BackgroundModifier.swift */,
				099D4B5728D63B6B00023AF2 /* TextFieldModifier.swift */,
				099D4B5E28D64FC300023AF2 /* AdaptsToKeyboardModifier.swift */,
			);
			path = ViewModifiers;
			sourceTree = "<group>";
		};
		09BEAA5B28D102F500FFEF94 = {
			isa = PBXGroup;
			children = (
				09BEAA6628D102F500FFEF94 /* Frontend */,
				09BEAA6528D102F500FFEF94 /* Products */,
			);
			sourceTree = "<group>";
		};
		09BEAA6528D102F500FFEF94 /* Products */ = {
			isa = PBXGroup;
			children = (
				09BEAA6428D102F500FFEF94 /* Frontend.app */,
			);
			name = Products;
			sourceTree = "<group>";
		};
		09BEAA6628D102F500FFEF94 /* Frontend */ = {
			isa = PBXGroup;
			children = (
				09BEAA7928D1034B00FFEF94 /* Extenstions */,
				09BEAA7A28D1035500FFEF94 /* Utilities */,
				09BEAA7D28D103B400FFEF94 /* Common */,
				09BEAA7828D1033A00FFEF94 /* Components */,
				09BBB62428D263CE0007ACEF /* ViewModifiers */,
				09BEAA7528D1032800FFEF94 /* Core */,
				09BEAA6728D102F500FFEF94 /* FrontendApp.swift */,
				09BEAA6B28D102F500FFEF94 /* Assets.xcassets */,
				09B3651328DF586D00910584 /* Stash.xcdatamodeld */,
				09BEAA6D28D102F500FFEF94 /* Preview Content */,
			);
			path = Frontend;
			sourceTree = "<group>";
		};
		09BEAA6D28D102F500FFEF94 /* Preview Content */ = {
			isa = PBXGroup;
			children = (
				09BEAA6E28D102F500FFEF94 /* Preview Assets.xcassets */,
			);
			path = "Preview Content";
			sourceTree = "<group>";
		};
		09BEAA7528D1032800FFEF94 /* Core */ = {
			isa = PBXGroup;
			children = (
				09BEAA7728D1033500FFEF94 /* Register */,
				09BEAA7628D1032D00FFEF94 /* Login */,
				099D4B6028D6535400023AF2 /* Home */,
				09C4B2C828DB8B58008621AA /* Add */,
				09C33DDD28DEFFD1003AE11E /* Bills */,
				09C4B2C528DB8B41008621AA /* Wallet */,
				09C4B2CB28DB8B71008621AA /* Profile */,
			);
			path = Core;
			sourceTree = "<group>";
		};
		09BEAA7628D1032D00FFEF94 /* Login */ = {
			isa = PBXGroup;
			children = (
				09BEAA8728D10D3F00FFEF94 /* Models */,
				09BEAA7E28D103CA00FFEF94 /* Views */,
				09BEAA7F28D103D200FFEF94 /* ViewModels */,
			);
			path = Login;
			sourceTree = "<group>";
		};
		09BEAA7728D1033500FFEF94 /* Register */ = {
			isa = PBXGroup;
			children = (
				09CB888A28D5BB590077F045 /* Models */,
				09CB888928D5BB4E0077F045 /* Views */,
				09CB888828D5BB450077F045 /* ViewModels */,
			);
			path = Register;
			sourceTree = "<group>";
		};
		09BEAA7828D1033A00FFEF94 /* Components */ = {
			isa = PBXGroup;
			children = (
				0939250428F49682006B2438 /* Layout */,
				099D4B5B28D63DC700023AF2 /* Form */,
				09B5589C28DA4E920006DE68 /* LottieView.swift */,
				09B558A028DA50C50006DE68 /* SpinnerView.swift */,
				09B6ED5B28DDD19200CC2406 /* CacheImageView.swift */,
				09A5B98A28E0D732004D48B3 /* PersonRowView.swift */,
				09A5B99028E0F091004D48B3 /* PeopleListView.swift */,
				09D0AF4E28E34E0A003C5AC0 /* AvatarView.swift */,
				0941FEF228E9847300897DC6 /* AvatarWithoutBorderView.swift */,
				099E1F0F28F73F29000B71F8 /* AvatarRowView.swift */,
				0958400C28E4CE0C00225BA3 /* MoneyRequestRowView.swift */,
				09B7D0A628EA145F0012394E /* PillView.swift */,
				09C1B46928ED79A200FA35A8 /* IconLabelView.swift */,
				09C74D8A28F1CF1C001885FE /* AlertView.swift */,
				099E1F0D28F73AEA000B71F8 /* BillRowView.swift */,
				09C64C8228F9FD40001755C3 /* BillProgressView.swift */,
			);
			path = Components;
			sourceTree = "<group>";
		};
		09BEAA7928D1034B00FFEF94 /* Extenstions */ = {
			isa = PBXGroup;
			children = (
				09BBB62228D257F70007ACEF /* UIScreen.swift */,
				09BBB62928D26B380007ACEF /* View.swift */,
				09C0425328D39BFD00FEAC6D /* PreviewProvider.swift */,
				09C0425A28D3B2CE00FEAC6D /* Color.swift */,
				099D4B5928D63BEF00023AF2 /* TextField.swift */,
				092C862A28D77931007C45F1 /* UserDefaults.swift */,
				0958400E28E4DBD700225BA3 /* String.swift */,
				0941FEF428E9895100897DC6 /* Double.swift */,
				09C1B46728ED768E00FA35A8 /* Int.swift */,
			);
			path = Extenstions;
			sourceTree = "<group>";
		};
		09BEAA7A28D1035500FFEF94 /* Utilities */ = {
			isa = PBXGroup;
			children = (
				09BEAA8428D10A2C00FFEF94 /* Constants.swift */,
				092C862228D7679B007C45F1 /* ApiManager.swift */,
				09F5797828D70969003A54B3 /* NetworkManager.swift */,
				092C862428D76EC9007C45F1 /* Errors.swift */,
				09DC3A1028DCEB4800ECF8F2 /* LocalFileManager.swift */,
				09B6ED5928DDCF2500CC2406 /* ImageLoader.swift */,
				09B3651628DF5A5600910584 /* PersistenceManager.swift */,
				09B2FF6E28FA9BC400A1FD1D /* Counter.swift */,
			);
			path = Utilities;
			sourceTree = "<group>";
		};
		09BEAA7C28D1038100FFEF94 /* Models */ = {
			isa = PBXGroup;
			children = (
				09BEAA8C28D10DB500FFEF94 /* CoreResponse.swift */,
				09BBB62728D2642E0007ACEF /* Toast.swift */,
				09C4B2D228DB97C8008621AA /* User.swift */,
				09C4B2D428DB97D5008621AA /* Wallet.swift */,
				09C33DDB28DEFF02003AE11E /* Tab.swift */,
				09A5B98628E0D13D004D48B3 /* FriendRequest.swift */,
				0958400A28E4C44000225BA3 /* MoneyRequest.swift */,
				09C56DB728F7161100B72659 /* Bill.swift */,
				09C56DB928F7167000B72659 /* BillItem.swift */,
				09C56DBB28F716AE00B72659 /* Item.swift */,
				09CEAC3A28FBE7DC00FCAE77 /* Transaction.swift */,
			);
			path = Models;
			sourceTree = "<group>";
		};
		09BEAA7D28D103B400FFEF94 /* Common */ = {
			isa = PBXGroup;
			children = (
				09BEAA7C28D1038100FFEF94 /* Models */,
				09A4437628E03502002B2F0C /* States */,
				09CEAC3E28FBEB0C00FCAE77 /* Types.swift */,
			);
			path = Common;
			sourceTree = "<group>";
		};
		09BEAA7E28D103CA00FFEF94 /* Views */ = {
			isa = PBXGroup;
			children = (
				09BEAA8028D103EB00FFEF94 /* LoginView.swift */,
			);
			path = Views;
			sourceTree = "<group>";
		};
		09BEAA7F28D103D200FFEF94 /* ViewModels */ = {
			isa = PBXGroup;
			children = (
				09BEAA8228D108DA00FFEF94 /* LoginViewModel.swift */,
			);
			path = ViewModels;
			sourceTree = "<group>";
		};
		09BEAA8728D10D3F00FFEF94 /* Models */ = {
			isa = PBXGroup;
			children = (
				09BEAA8928D10D6D00FFEF94 /* Requests */,
				09BEAA8828D10D6500FFEF94 /* Responses */,
			);
			path = Models;
			sourceTree = "<group>";
		};
		09BEAA8828D10D6500FFEF94 /* Responses */ = {
			isa = PBXGroup;
			children = (
				09BEAA8E28D10EA800FFEF94 /* LoginResponse.swift */,
			);
			path = Responses;
			sourceTree = "<group>";
		};
		09BEAA8928D10D6D00FFEF94 /* Requests */ = {
			isa = PBXGroup;
			children = (
				09BEAA8A28D10D7A00FFEF94 /* LoginRequest.swift */,
			);
			path = Requests;
			sourceTree = "<group>";
		};
		09C33DDD28DEFFD1003AE11E /* Bills */ = {
			isa = PBXGroup;
			children = (
				09C33DE028DF0003003AE11E /* Models */,
				09C33DDF28DEFFFE003AE11E /* Views */,
				09C33DDE28DEFFF4003AE11E /* ViewModels */,
			);
			path = Bills;
			sourceTree = "<group>";
		};
		09C33DDE28DEFFF4003AE11E /* ViewModels */ = {
			isa = PBXGroup;
			children = (
				09C56DB228F7142600B72659 /* BillViewModel.swift */,
				09CEAC3828FBE61F00FCAE77 /* TransactionsViewModel.swift */,
				093E88D928FDDCA000BFDB8D /* TransactionDetailsSheetViewModel.swift */,
			);
			path = ViewModels;
			sourceTree = "<group>";
		};
		09C33DDF28DEFFFE003AE11E /* Views */ = {
			isa = PBXGroup;
			children = (
				09C33DE128DF000E003AE11E /* BillsView.swift */,
				09C64C8028F9DC69001755C3 /* BillView.swift */,
				09CEAC3628FBE49100FCAE77 /* TransactionsView.swift */,
				09CB19D528FC87C00060A795 /* TransactionDetailsSheetView.swift */,
			);
			path = Views;
			sourceTree = "<group>";
		};
		09C33DE028DF0003003AE11E /* Models */ = {
			isa = PBXGroup;
			children = (
				093E88DB28FDDEF800BFDB8D /* Requests */,
				09C56DB428F7159800B72659 /* Responses */,
			);
			path = Models;
			sourceTree = "<group>";
		};
		09C4B2C528DB8B41008621AA /* Wallet */ = {
			isa = PBXGroup;
			children = (
				0941FEED28E983BF00897DC6 /* Models */,
				0941FEEC28E983BC00897DC6 /* Views */,
				0941FEEB28E983B000897DC6 /* ViewModels */,
			);
			path = Wallet;
			sourceTree = "<group>";
		};
		09C4B2C828DB8B58008621AA /* Add */ = {
			isa = PBXGroup;
			children = (
				09C92DB129040821005BF20B /* Models */,
				09A03A1E2900751200BE6F19 /* Views */,
				09A03A1D2900750B00BE6F19 /* ViewModels */,
			);
			path = Add;
			sourceTree = "<group>";
		};
		09C4B2CB28DB8B71008621AA /* Profile */ = {
			isa = PBXGroup;
			children = (
				09C4B2D628DB9987008621AA /* Models */,
				09C4B2CE28DB92D1008621AA /* Views */,
				09C4B2CF28DB933E008621AA /* ViewModels */,
			);
			path = Profile;
			sourceTree = "<group>";
		};
		09C4B2CE28DB92D1008621AA /* Views */ = {
			isa = PBXGroup;
			children = (
				09C4B2CC28DB8B7B008621AA /* ProfileView.swift */,
				09EC2F2D28DE30A600C1D048 /* EditProfileView.swift */,
			);
			path = Views;
			sourceTree = "<group>";
		};
		09C4B2CF28DB933E008621AA /* ViewModels */ = {
			isa = PBXGroup;
			children = (
				09C4B2D028DB934A008621AA /* ProfileViewModel.swift */,
				09EC2F2F28DE322200C1D048 /* EditProfileViewModel.swift */,
			);
			path = ViewModels;
			sourceTree = "<group>";
		};
		09C4B2D628DB9987008621AA /* Models */ = {
			isa = PBXGroup;
			children = (
				09C4B2D728DB998A008621AA /* Request */,
				09C4B2D828DB998E008621AA /* Response */,
			);
			path = Models;
			sourceTree = "<group>";
		};
		09C4B2D728DB998A008621AA /* Request */ = {
			isa = PBXGroup;
			children = (
				09EC2F3128DE37A500C1D048 /* EditProfileRequest.swift */,
			);
			path = Request;
			sourceTree = "<group>";
		};
		09C4B2D828DB998E008621AA /* Response */ = {
			isa = PBXGroup;
			children = (
				09C4B2D928DB9A02008621AA /* AuthUserResponse.swift */,
				09EC2F3328DE37DE00C1D048 /* EditProfileResponse.swift */,
			);
			path = Response;
			sourceTree = "<group>";
		};
		09C56DB428F7159800B72659 /* Responses */ = {
			isa = PBXGroup;
			children = (
				09C56DB528F715BC00B72659 /* BillsResponse.swift */,
				09CEAC3C28FBE8AD00FCAE77 /* GetTransactionsResponse.swift */,
			);
			path = Responses;
			sourceTree = "<group>";
		};
		09C92DB129040821005BF20B /* Models */ = {
			isa = PBXGroup;
			children = (
				09C92DB22904082C005BF20B /* Requests */,
				09C92DB329040831005BF20B /* Common */,
			);
			path = Models;
			sourceTree = "<group>";
		};
		09C92DB22904082C005BF20B /* Requests */ = {
			isa = PBXGroup;
			children = (
			);
			path = Requests;
			sourceTree = "<group>";
		};
		09C92DB329040831005BF20B /* Common */ = {
			isa = PBXGroup;
			children = (
				09C92DB429040850005BF20B /* BillItemInput.swift */,
				099DCD3629055AD5005488B0 /* SplitInput.swift */,
			);
			path = Common;
			sourceTree = "<group>";
		};
		09CB888828D5BB450077F045 /* ViewModels */ = {
			isa = PBXGroup;
			children = (
				099D4B6628D65B5800023AF2 /* RegisterViewModel.swift */,
			);
			path = ViewModels;
			sourceTree = "<group>";
		};
		09CB888928D5BB4E0077F045 /* Views */ = {
			isa = PBXGroup;
			children = (
				09CB889528D5BD280077F045 /* RegisterView.swift */,
			);
			path = Views;
			sourceTree = "<group>";
		};
		09CB888A28D5BB590077F045 /* Models */ = {
			isa = PBXGroup;
			children = (
				09CB888C28D5BB610077F045 /* Requests */,
				09CB888B28D5BB5C0077F045 /* Responses */,
			);
			path = Models;
			sourceTree = "<group>";
		};
		09CB888B28D5BB5C0077F045 /* Responses */ = {
			isa = PBXGroup;
			children = (
				09CB888F28D5BB840077F045 /* RegisterResponse.swift */,
				09B5589728DA3F530006DE68 /* UsernameAvailableResponse.swift */,
			);
			path = Responses;
			sourceTree = "<group>";
		};
		09CB888C28D5BB610077F045 /* Requests */ = {
			isa = PBXGroup;
			children = (
				09CB888D28D5BB7D0077F045 /* RegisterRequest.swift */,
			);
			path = Requests;
			sourceTree = "<group>";
		};
		09CD180828E0B656001E44B2 /* Models */ = {
			isa = PBXGroup;
			children = (
				093CC71228E838F4005A4298 /* Requests */,
				09CD180B28E0B695001E44B2 /* Responses */,
			);
			path = Models;
			sourceTree = "<group>";
		};
		09CD180B28E0B695001E44B2 /* Responses */ = {
			isa = PBXGroup;
			children = (
				09CD180928E0B692001E44B2 /* FriendsResponse.swift */,
				09CF061F28E22A7700F2C481 /* UserWithFriendshipStatus.swift */,
				09A5B98428E0D0FF004D48B3 /* PendingFriendRequestResponse.swift */,
				09A5B98E28E0EB15004D48B3 /* SearchUsersResponse.swift */,
			);
			path = Responses;
			sourceTree = "<group>";
		};
/* End PBXGroup section */

/* Begin PBXNativeTarget section */
		09BEAA6328D102F500FFEF94 /* Frontend */ = {
			isa = PBXNativeTarget;
			buildConfigurationList = 09BEAA7228D102F500FFEF94 /* Build configuration list for PBXNativeTarget "Frontend" */;
			buildPhases = (
				09BEAA6028D102F500FFEF94 /* Sources */,
				09BEAA6128D102F500FFEF94 /* Frameworks */,
				09BEAA6228D102F500FFEF94 /* Resources */,
			);
			buildRules = (
			);
			dependencies = (
			);
			name = Frontend;
			packageProductDependencies = (
				09B5589A28DA4DAE0006DE68 /* Lottie */,
			);
			productName = Frontend;
			productReference = 09BEAA6428D102F500FFEF94 /* Frontend.app */;
			productType = "com.apple.product-type.application";
		};
/* End PBXNativeTarget section */

/* Begin PBXProject section */
		09BEAA5C28D102F500FFEF94 /* Project object */ = {
			isa = PBXProject;
			attributes = {
				BuildIndependentTargetsInParallel = 1;
				LastSwiftUpdateCheck = 1400;
				LastUpgradeCheck = 1400;
				TargetAttributes = {
					09BEAA6328D102F500FFEF94 = {
						CreatedOnToolsVersion = 14.0;
					};
				};
			};
			buildConfigurationList = 09BEAA5F28D102F500FFEF94 /* Build configuration list for PBXProject "Frontend" */;
			compatibilityVersion = "Xcode 14.0";
			developmentRegion = en;
			hasScannedForEncodings = 0;
			knownRegions = (
				en,
				Base,
			);
			mainGroup = 09BEAA5B28D102F500FFEF94;
			packageReferences = (
				09B5589928DA4DAE0006DE68 /* XCRemoteSwiftPackageReference "lottie-ios" */,
			);
			productRefGroup = 09BEAA6528D102F500FFEF94 /* Products */;
			projectDirPath = "";
			projectRoot = "";
			targets = (
				09BEAA6328D102F500FFEF94 /* Frontend */,
			);
		};
/* End PBXProject section */

/* Begin PBXResourcesBuildPhase section */
		09BEAA6228D102F500FFEF94 /* Resources */ = {
			isa = PBXResourcesBuildPhase;
			buildActionMask = 2147483647;
			files = (
				09BEAA6F28D102F500FFEF94 /* Preview Assets.xcassets in Resources */,
				09BEAA6C28D102F500FFEF94 /* Assets.xcassets in Resources */,
			);
			runOnlyForDeploymentPostprocessing = 0;
		};
/* End PBXResourcesBuildPhase section */

/* Begin PBXSourcesBuildPhase section */
		09BEAA6028D102F500FFEF94 /* Sources */ = {
			isa = PBXSourcesBuildPhase;
			buildActionMask = 2147483647;
			files = (
				099D4B6528D6536F00023AF2 /* HomeView.swift in Sources */,
				09CF061E28E229B200F2C481 /* UserViewModel.swift in Sources */,
				09CB19D628FC87C00060A795 /* TransactionDetailsSheetView.swift in Sources */,
				0958400B28E4C44000225BA3 /* MoneyRequest.swift in Sources */,
				09C1B46828ED768E00FA35A8 /* Int.swift in Sources */,
				09BBB62128D24DA10007ACEF /* ToastView.swift in Sources */,
				0941FEF528E9895100897DC6 /* Double.swift in Sources */,
				09BEAA8128D103EB00FFEF94 /* LoginView.swift in Sources */,
				09BEAA8D28D10DB500FFEF94 /* CoreResponse.swift in Sources */,
				093CC70F28E81E35005A4298 /* PendingFriendRequestsView.swift in Sources */,
				09DC3A1128DCEB4800ECF8F2 /* LocalFileManager.swift in Sources */,
				099E1F0E28F73AEA000B71F8 /* BillRowView.swift in Sources */,
				09C33DE228DF000E003AE11E /* BillsView.swift in Sources */,
				092C862B28D77931007C45F1 /* UserDefaults.swift in Sources */,
				099D4B5A28D63BEF00023AF2 /* TextField.swift in Sources */,
				09C1B46A28ED79A200FA35A8 /* IconLabelView.swift in Sources */,
				09C1B46628ED67BF00FA35A8 /* MoneyRequestSheetView.swift in Sources */,
				09C33DDC28DEFF02003AE11E /* Tab.swift in Sources */,
				093E88DA28FDDCA000BFDB8D /* TransactionDetailsSheetViewModel.swift in Sources */,
				09A5B98B28E0D732004D48B3 /* PersonRowView.swift in Sources */,
				09CB889628D5BD280077F045 /* RegisterView.swift in Sources */,
				09BEAA6828D102F500FFEF94 /* FrontendApp.swift in Sources */,
				09CEAC3D28FBE8AD00FCAE77 /* GetTransactionsResponse.swift in Sources */,
				09CEAC3728FBE49200FCAE77 /* TransactionsView.swift in Sources */,
				09A5B98728E0D13D004D48B3 /* FriendRequest.swift in Sources */,
				09BBB62328D257F70007ACEF /* UIScreen.swift in Sources */,
				09CB889028D5BB840077F045 /* RegisterResponse.swift in Sources */,
				09EC2F3228DE37A500C1D048 /* EditProfileRequest.swift in Sources */,
				09CEAC3928FBE61F00FCAE77 /* TransactionsViewModel.swift in Sources */,
				09B7D0A528EA133B0012394E /* SectionTitleView.swift in Sources */,
				09A2EA1528F2AE4700F63832 /* EditMoneyRequestViewModel.swift in Sources */,
				09B5589828DA3F530006DE68 /* UsernameAvailableResponse.swift in Sources */,
				09A5B98D28E0E856004D48B3 /* SheetHeadingView.swift in Sources */,
				09A2EA1328F2AE3F00F63832 /* EditMoneyRequestView.swift in Sources */,
				09C56DBC28F716AE00B72659 /* Item.swift in Sources */,
				0941FEF128E983F100897DC6 /* WalletViewModel.swift in Sources */,
				0941FEF328E9847300897DC6 /* AvatarWithoutBorderView.swift in Sources */,
				09B3651728DF5A5600910584 /* PersistenceManager.swift in Sources */,
				09C4B2C728DB8B48008621AA /* WalletView.swift in Sources */,
				09C0425B28D3B2CE00FEAC6D /* Color.swift in Sources */,
				09BEAA8328D108DA00FFEF94 /* LoginViewModel.swift in Sources */,
				09A2EA1728F2B0C200F63832 /* EditMoneyRequestRequest.swift in Sources */,
				09CB888E28D5BB7D0077F045 /* RegisterRequest.swift in Sources */,
				09C4B2CA28DB8B65008621AA /* AddView.swift in Sources */,
				09EC2F2E28DE30A600C1D048 /* EditProfileView.swift in Sources */,
				093CC71428E83906005A4298 /* UpdateFriendRequestStatusRequest.swift in Sources */,
				09C4B2CD28DB8B7B008621AA /* ProfileView.swift in Sources */,
				09CB889A28D5CC0E0077F045 /* TextFieldView.swift in Sources */,
				09A03A202900753E00BE6F19 /* AddViewModel.swift in Sources */,
				092C862528D76EC9007C45F1 /* Errors.swift in Sources */,
				09C56DB328F7142600B72659 /* BillViewModel.swift in Sources */,
				09A5B99128E0F091004D48B3 /* PeopleListView.swift in Sources */,
				09C92DB72904095D005BF20B /* AddBillItemSheetView.swift in Sources */,
				099DCD3729055AD5005488B0 /* SplitInput.swift in Sources */,
				09CEAC3F28FBEB0C00FCAE77 /* Types.swift in Sources */,
				09BEAA8B28D10D7A00FFEF94 /* LoginRequest.swift in Sources */,
				09F5797928D70969003A54B3 /* NetworkManager.swift in Sources */,
				09BEAA8528D10A2C00FFEF94 /* Constants.swift in Sources */,
				09EC2F3028DE322200C1D048 /* EditProfileViewModel.swift in Sources */,
				099A30E228D497DE00F93215 /* BackgroundModifier.swift in Sources */,
				09CD180A28E0B692001E44B2 /* FriendsResponse.swift in Sources */,
				09B3651528DF586D00910584 /* Stash.xcdatamodeld in Sources */,
				09C56DB628F715BC00B72659 /* BillsResponse.swift in Sources */,
				099D006E28F0A3FE00E6E324 /* MoneyRequestStatusUpdateRequest.swift in Sources */,
				09CF062028E22A7700F2C481 /* UserWithFriendshipStatus.swift in Sources */,
				0958400D28E4CE0C00225BA3 /* MoneyRequestRowView.swift in Sources */,
				09B5589D28DA4E920006DE68 /* LottieView.swift in Sources */,
				09C64C8328F9FD40001755C3 /* BillProgressView.swift in Sources */,
				0920577728DB650A00BAA9E1 /* TabbarView.swift in Sources */,
				0958400F28E4DBD700225BA3 /* String.swift in Sources */,
				09BBB62A28D26B380007ACEF /* View.swift in Sources */,
				09A4437828E03534002B2F0C /* SessionState.swift in Sources */,
				09A5B98F28E0EB15004D48B3 /* SearchUsersResponse.swift in Sources */,
				09CD180D28E0B70D001E44B2 /* SearchFriendViewModel.swift in Sources */,
				09C4B2D528DB97D5008621AA /* Wallet.swift in Sources */,
				09C4B2DA28DB9A02008621AA /* AuthUserResponse.swift in Sources */,
				0956B9EA2906748E008FF179 /* TextEditorView.swift in Sources */,
				093E88DD28FDDF0400BFDB8D /* SettleSplitRequest.swift in Sources */,
				099D4B5D28D63DEE00023AF2 /* ValidationErrorView.swift in Sources */,
				09C56DB828F7161100B72659 /* Bill.swift in Sources */,
				09CD180728E0AFDC001E44B2 /* SearchFriendView.swift in Sources */,
				0939250328F48DAD006B2438 /* RequestMoneyViewModel.swift in Sources */,
				09B7D0A728EA145F0012394E /* PillView.swift in Sources */,
				09C64C8128F9DC69001755C3 /* BillView.swift in Sources */,
				09B6ED5C28DDD19200CC2406 /* CacheImageView.swift in Sources */,
				0939250128F48DA3006B2438 /* RequestMoneyView.swift in Sources */,
				09CEAC3B28FBE7DC00FCAE77 /* Transaction.swift in Sources */,
				09D0AF4F28E34E0A003C5AC0 /* AvatarView.swift in Sources */,
				09BBB62828D2642E0007ACEF /* Toast.swift in Sources */,
				09C4B2D328DB97C8008621AA /* User.swift in Sources */,
				09B4871F28E8BF7900596340 /* SendFriendRequestRequest.swift in Sources */,
				099D4B5828D63B6B00023AF2 /* TextFieldModifier.swift in Sources */,
				09B2FF6F28FA9BC400A1FD1D /* Counter.swift in Sources */,
				09C92DB529040850005BF20B /* BillItemInput.swift in Sources */,
				09C74D8B28F1CF1C001885FE /* AlertView.swift in Sources */,
				09EC2F3428DE37DE00C1D048 /* EditProfileResponse.swift in Sources */,
				093CC71128E81E47005A4298 /* PendingFriendRequestsViewModel.swift in Sources */,
				092C862328D7679B007C45F1 /* ApiManager.swift in Sources */,
				099E1F1028F73F29000B71F8 /* AvatarRowView.swift in Sources */,
				093924FF28F48D39006B2438 /* RequestMoneyViewRequest.swift in Sources */,
				09BBB62628D263ED0007ACEF /* ToastModifier.swift in Sources */,
				099D4B5F28D64FC300023AF2 /* AdaptsToKeyboardModifier.swift in Sources */,
				099D4B6728D65B5800023AF2 /* RegisterViewModel.swift in Sources */,
				09BEAA8F28D10EA800FFEF94 /* LoginResponse.swift in Sources */,
				0939250628F496C3006B2438 /* NavbarView.swift in Sources */,
				09B6ED5A28DDCF2500CC2406 /* ImageLoader.swift in Sources */,
				09C56DBA28F7167000B72659 /* BillItem.swift in Sources */,
				09B7D0A928EA267B0012394E /* MoneyRequestsResponse.swift in Sources */,
				09C0425928D3AE2C00FEAC6D /* PasswordFieldView.swift in Sources */,
				09B3651228DF56DE00910584 /* HomeViewModel.swift in Sources */,
				09CB889428D5BBC30077F045 /* ActionButtonView.swift in Sources */,
				09C4B2D128DB934A008621AA /* ProfileViewModel.swift in Sources */,
				09C0425428D39BFD00FEAC6D /* PreviewProvider.swift in Sources */,
				099D006C28F0A39100E6E324 /* MoneyRequestSheetViewModel.swift in Sources */,
				09C92DB029040787005BF20B /* AddBillItemsView.swift in Sources */,
				09CF061C28E2211300F2C481 /* UserView.swift in Sources */,
				099DCD3529055189005488B0 /* GenerateBillView.swift in Sources */,
				09B558A128DA50C50006DE68 /* SpinnerView.swift in Sources */,
				09A5B98528E0D0FF004D48B3 /* PendingFriendRequestResponse.swift in Sources */,
			);
			runOnlyForDeploymentPostprocessing = 0;
		};
/* End PBXSourcesBuildPhase section */

/* Begin XCBuildConfiguration section */
		09BEAA7028D102F500FFEF94 /* Debug */ = {
			isa = XCBuildConfiguration;
			buildSettings = {
				ALWAYS_SEARCH_USER_PATHS = NO;
				CLANG_ANALYZER_NONNULL = YES;
				CLANG_ANALYZER_NUMBER_OBJECT_CONVERSION = YES_AGGRESSIVE;
				CLANG_CXX_LANGUAGE_STANDARD = "gnu++20";
				CLANG_ENABLE_MODULES = YES;
				CLANG_ENABLE_OBJC_ARC = YES;
				CLANG_ENABLE_OBJC_WEAK = YES;
				CLANG_WARN_BLOCK_CAPTURE_AUTORELEASING = YES;
				CLANG_WARN_BOOL_CONVERSION = YES;
				CLANG_WARN_COMMA = YES;
				CLANG_WARN_CONSTANT_CONVERSION = YES;
				CLANG_WARN_DEPRECATED_OBJC_IMPLEMENTATIONS = YES;
				CLANG_WARN_DIRECT_OBJC_ISA_USAGE = YES_ERROR;
				CLANG_WARN_DOCUMENTATION_COMMENTS = YES;
				CLANG_WARN_EMPTY_BODY = YES;
				CLANG_WARN_ENUM_CONVERSION = YES;
				CLANG_WARN_INFINITE_RECURSION = YES;
				CLANG_WARN_INT_CONVERSION = YES;
				CLANG_WARN_NON_LITERAL_NULL_CONVERSION = YES;
				CLANG_WARN_OBJC_IMPLICIT_RETAIN_SELF = YES;
				CLANG_WARN_OBJC_LITERAL_CONVERSION = YES;
				CLANG_WARN_OBJC_ROOT_CLASS = YES_ERROR;
				CLANG_WARN_QUOTED_INCLUDE_IN_FRAMEWORK_HEADER = YES;
				CLANG_WARN_RANGE_LOOP_ANALYSIS = YES;
				CLANG_WARN_STRICT_PROTOTYPES = YES;
				CLANG_WARN_SUSPICIOUS_MOVE = YES;
				CLANG_WARN_UNGUARDED_AVAILABILITY = YES_AGGRESSIVE;
				CLANG_WARN_UNREACHABLE_CODE = YES;
				CLANG_WARN__DUPLICATE_METHOD_MATCH = YES;
				COPY_PHASE_STRIP = NO;
				DEAD_CODE_STRIPPING = NO;
				DEBUG_INFORMATION_FORMAT = dwarf;
				ENABLE_STRICT_OBJC_MSGSEND = YES;
				ENABLE_TESTABILITY = YES;
				GCC_C_LANGUAGE_STANDARD = gnu11;
				GCC_DYNAMIC_NO_PIC = NO;
				GCC_NO_COMMON_BLOCKS = YES;
				GCC_OPTIMIZATION_LEVEL = 0;
				GCC_PREPROCESSOR_DEFINITIONS = (
					"DEBUG=1",
					"$(inherited)",
				);
				GCC_WARN_64_TO_32_BIT_CONVERSION = YES;
				GCC_WARN_ABOUT_RETURN_TYPE = YES_ERROR;
				GCC_WARN_UNDECLARED_SELECTOR = YES;
				GCC_WARN_UNINITIALIZED_AUTOS = YES_AGGRESSIVE;
				GCC_WARN_UNUSED_FUNCTION = YES;
				GCC_WARN_UNUSED_VARIABLE = YES;
				IPHONEOS_DEPLOYMENT_TARGET = 16.0;
				MTL_ENABLE_DEBUG_INFO = INCLUDE_SOURCE;
				MTL_FAST_MATH = YES;
				ONLY_ACTIVE_ARCH = YES;
				SDKROOT = iphoneos;
				SWIFT_ACTIVE_COMPILATION_CONDITIONS = DEBUG;
				SWIFT_OPTIMIZATION_LEVEL = "-Onone";
			};
			name = Debug;
		};
		09BEAA7128D102F500FFEF94 /* Release */ = {
			isa = XCBuildConfiguration;
			buildSettings = {
				ALWAYS_SEARCH_USER_PATHS = NO;
				CLANG_ANALYZER_NONNULL = YES;
				CLANG_ANALYZER_NUMBER_OBJECT_CONVERSION = YES_AGGRESSIVE;
				CLANG_CXX_LANGUAGE_STANDARD = "gnu++20";
				CLANG_ENABLE_MODULES = YES;
				CLANG_ENABLE_OBJC_ARC = YES;
				CLANG_ENABLE_OBJC_WEAK = YES;
				CLANG_WARN_BLOCK_CAPTURE_AUTORELEASING = YES;
				CLANG_WARN_BOOL_CONVERSION = YES;
				CLANG_WARN_COMMA = YES;
				CLANG_WARN_CONSTANT_CONVERSION = YES;
				CLANG_WARN_DEPRECATED_OBJC_IMPLEMENTATIONS = YES;
				CLANG_WARN_DIRECT_OBJC_ISA_USAGE = YES_ERROR;
				CLANG_WARN_DOCUMENTATION_COMMENTS = YES;
				CLANG_WARN_EMPTY_BODY = YES;
				CLANG_WARN_ENUM_CONVERSION = YES;
				CLANG_WARN_INFINITE_RECURSION = YES;
				CLANG_WARN_INT_CONVERSION = YES;
				CLANG_WARN_NON_LITERAL_NULL_CONVERSION = YES;
				CLANG_WARN_OBJC_IMPLICIT_RETAIN_SELF = YES;
				CLANG_WARN_OBJC_LITERAL_CONVERSION = YES;
				CLANG_WARN_OBJC_ROOT_CLASS = YES_ERROR;
				CLANG_WARN_QUOTED_INCLUDE_IN_FRAMEWORK_HEADER = YES;
				CLANG_WARN_RANGE_LOOP_ANALYSIS = YES;
				CLANG_WARN_STRICT_PROTOTYPES = YES;
				CLANG_WARN_SUSPICIOUS_MOVE = YES;
				CLANG_WARN_UNGUARDED_AVAILABILITY = YES_AGGRESSIVE;
				CLANG_WARN_UNREACHABLE_CODE = YES;
				CLANG_WARN__DUPLICATE_METHOD_MATCH = YES;
				COPY_PHASE_STRIP = NO;
				DEAD_CODE_STRIPPING = NO;
				DEBUG_INFORMATION_FORMAT = "dwarf-with-dsym";
				ENABLE_NS_ASSERTIONS = NO;
				ENABLE_STRICT_OBJC_MSGSEND = YES;
				GCC_C_LANGUAGE_STANDARD = gnu11;
				GCC_NO_COMMON_BLOCKS = YES;
				GCC_WARN_64_TO_32_BIT_CONVERSION = YES;
				GCC_WARN_ABOUT_RETURN_TYPE = YES_ERROR;
				GCC_WARN_UNDECLARED_SELECTOR = YES;
				GCC_WARN_UNINITIALIZED_AUTOS = YES_AGGRESSIVE;
				GCC_WARN_UNUSED_FUNCTION = YES;
				GCC_WARN_UNUSED_VARIABLE = YES;
				IPHONEOS_DEPLOYMENT_TARGET = 16.0;
				MTL_ENABLE_DEBUG_INFO = NO;
				MTL_FAST_MATH = YES;
				SDKROOT = iphoneos;
				SWIFT_COMPILATION_MODE = wholemodule;
				SWIFT_OPTIMIZATION_LEVEL = "-O";
				VALIDATE_PRODUCT = YES;
			};
			name = Release;
		};
		09BEAA7328D102F500FFEF94 /* Debug */ = {
			isa = XCBuildConfiguration;
			buildSettings = {
				ASSETCATALOG_COMPILER_APPICON_NAME = AppIcon;
				ASSETCATALOG_COMPILER_GLOBAL_ACCENT_COLOR_NAME = AccentColor;
				CODE_SIGN_STYLE = Automatic;
				CURRENT_PROJECT_VERSION = 1;
				DEVELOPMENT_ASSET_PATHS = "\"Frontend/Preview Content\"";
				DEVELOPMENT_TEAM = DJGCDA644L;
				ENABLE_PREVIEWS = YES;
				GENERATE_INFOPLIST_FILE = YES;
				INFOPLIST_KEY_CFBundleDisplayName = Splitit;
				INFOPLIST_KEY_UIApplicationSceneManifest_Generation = YES;
				INFOPLIST_KEY_UIApplicationSupportsIndirectInputEvents = YES;
				INFOPLIST_KEY_UILaunchScreen_Generation = YES;
				INFOPLIST_KEY_UISupportedInterfaceOrientations_iPad = "UIInterfaceOrientationPortrait UIInterfaceOrientationPortraitUpsideDown UIInterfaceOrientationLandscapeLeft UIInterfaceOrientationLandscapeRight";
				INFOPLIST_KEY_UISupportedInterfaceOrientations_iPhone = "UIInterfaceOrientationPortrait UIInterfaceOrientationLandscapeLeft UIInterfaceOrientationLandscapeRight";
				LD_RUNPATH_SEARCH_PATHS = (
					"$(inherited)",
					"@executable_path/Frameworks",
				);
				MARKETING_VERSION = 1.0;
				PRODUCT_BUNDLE_IDENTIFIER = me.saurabhbomble.Frontend;
				PRODUCT_NAME = "$(TARGET_NAME)";
				SWIFT_EMIT_LOC_STRINGS = YES;
				SWIFT_VERSION = 5.0;
				TARGETED_DEVICE_FAMILY = "1,2";
			};
			name = Debug;
		};
		09BEAA7428D102F500FFEF94 /* Release */ = {
			isa = XCBuildConfiguration;
			buildSettings = {
				ASSETCATALOG_COMPILER_APPICON_NAME = AppIcon;
				ASSETCATALOG_COMPILER_GLOBAL_ACCENT_COLOR_NAME = AccentColor;
				CODE_SIGN_STYLE = Automatic;
				CURRENT_PROJECT_VERSION = 1;
				DEVELOPMENT_ASSET_PATHS = "\"Frontend/Preview Content\"";
				DEVELOPMENT_TEAM = DJGCDA644L;
				ENABLE_PREVIEWS = YES;
				GENERATE_INFOPLIST_FILE = YES;
				INFOPLIST_KEY_CFBundleDisplayName = Splitit;
				INFOPLIST_KEY_UIApplicationSceneManifest_Generation = YES;
				INFOPLIST_KEY_UIApplicationSupportsIndirectInputEvents = YES;
				INFOPLIST_KEY_UILaunchScreen_Generation = YES;
				INFOPLIST_KEY_UISupportedInterfaceOrientations_iPad = "UIInterfaceOrientationPortrait UIInterfaceOrientationPortraitUpsideDown UIInterfaceOrientationLandscapeLeft UIInterfaceOrientationLandscapeRight";
				INFOPLIST_KEY_UISupportedInterfaceOrientations_iPhone = "UIInterfaceOrientationPortrait UIInterfaceOrientationLandscapeLeft UIInterfaceOrientationLandscapeRight";
				LD_RUNPATH_SEARCH_PATHS = (
					"$(inherited)",
					"@executable_path/Frameworks",
				);
				MARKETING_VERSION = 1.0;
				PRODUCT_BUNDLE_IDENTIFIER = me.saurabhbomble.Frontend;
				PRODUCT_NAME = "$(TARGET_NAME)";
				SWIFT_EMIT_LOC_STRINGS = YES;
				SWIFT_VERSION = 5.0;
				TARGETED_DEVICE_FAMILY = "1,2";
			};
			name = Release;
		};
/* End XCBuildConfiguration section */

/* Begin XCConfigurationList section */
		09BEAA5F28D102F500FFEF94 /* Build configuration list for PBXProject "Frontend" */ = {
			isa = XCConfigurationList;
			buildConfigurations = (
				09BEAA7028D102F500FFEF94 /* Debug */,
				09BEAA7128D102F500FFEF94 /* Release */,
			);
			defaultConfigurationIsVisible = 0;
			defaultConfigurationName = Release;
		};
		09BEAA7228D102F500FFEF94 /* Build configuration list for PBXNativeTarget "Frontend" */ = {
			isa = XCConfigurationList;
			buildConfigurations = (
				09BEAA7328D102F500FFEF94 /* Debug */,
				09BEAA7428D102F500FFEF94 /* Release */,
			);
			defaultConfigurationIsVisible = 0;
			defaultConfigurationName = Release;
		};
/* End XCConfigurationList section */

/* Begin XCRemoteSwiftPackageReference section */
		09B5589928DA4DAE0006DE68 /* XCRemoteSwiftPackageReference "lottie-ios" */ = {
			isa = XCRemoteSwiftPackageReference;
			repositoryURL = "https://github.com/airbnb/lottie-ios";
			requirement = {
				kind = upToNextMajorVersion;
				minimumVersion = 3.0.0;
			};
		};
/* End XCRemoteSwiftPackageReference section */

/* Begin XCSwiftPackageProductDependency section */
		09B5589A28DA4DAE0006DE68 /* Lottie */ = {
			isa = XCSwiftPackageProductDependency;
			package = 09B5589928DA4DAE0006DE68 /* XCRemoteSwiftPackageReference "lottie-ios" */;
			productName = Lottie;
		};
/* End XCSwiftPackageProductDependency section */

/* Begin XCVersionGroup section */
		09B3651328DF586D00910584 /* Stash.xcdatamodeld */ = {
			isa = XCVersionGroup;
			children = (
				09B3651428DF586D00910584 /* Stash.xcdatamodel */,
			);
			currentVersion = 09B3651428DF586D00910584 /* Stash.xcdatamodel */;
			path = Stash.xcdatamodeld;
			sourceTree = "<group>";
			versionGroupType = wrapper.xcdatamodel;
		};
/* End XCVersionGroup section */
	};
	rootObject = 09BEAA5C28D102F500FFEF94 /* Project object */;
}
