// !$*UTF8*$!
{
	archiveVersion = 1;
	classes = {
	};
	objectVersion = 56;
	objects = {

/* Begin PBXBuildFile section */
		0920577728DB650A00BAA9E1 /* TabbarView.swift in Sources */ = {isa = PBXBuildFile; fileRef = 0920577628DB650A00BAA9E1 /* TabbarView.swift */; };
		092C862328D7679B007C45F1 /* ApiManager.swift in Sources */ = {isa = PBXBuildFile; fileRef = 092C862228D7679B007C45F1 /* ApiManager.swift */; };
		092C862528D76EC9007C45F1 /* Errors.swift in Sources */ = {isa = PBXBuildFile; fileRef = 092C862428D76EC9007C45F1 /* Errors.swift */; };
		092C862B28D77931007C45F1 /* UserDefaults.swift in Sources */ = {isa = PBXBuildFile; fileRef = 092C862A28D77931007C45F1 /* UserDefaults.swift */; };
		099A30E228D497DE00F93215 /* BackgroundModifier.swift in Sources */ = {isa = PBXBuildFile; fileRef = 099A30E128D497DE00F93215 /* BackgroundModifier.swift */; };
		099D4B5828D63B6B00023AF2 /* TextFieldModifier.swift in Sources */ = {isa = PBXBuildFile; fileRef = 099D4B5728D63B6B00023AF2 /* TextFieldModifier.swift */; };
		099D4B5A28D63BEF00023AF2 /* TextField.swift in Sources */ = {isa = PBXBuildFile; fileRef = 099D4B5928D63BEF00023AF2 /* TextField.swift */; };
		099D4B5D28D63DEE00023AF2 /* ValidationErrorView.swift in Sources */ = {isa = PBXBuildFile; fileRef = 099D4B5C28D63DEE00023AF2 /* ValidationErrorView.swift */; };
		099D4B5F28D64FC300023AF2 /* AdaptsToKeyboardModifier.swift in Sources */ = {isa = PBXBuildFile; fileRef = 099D4B5E28D64FC300023AF2 /* AdaptsToKeyboardModifier.swift */; };
		099D4B6528D6536F00023AF2 /* HomeView.swift in Sources */ = {isa = PBXBuildFile; fileRef = 099D4B6428D6536F00023AF2 /* HomeView.swift */; };
		099D4B6728D65B5800023AF2 /* RegisterViewModel.swift in Sources */ = {isa = PBXBuildFile; fileRef = 099D4B6628D65B5800023AF2 /* RegisterViewModel.swift */; };
		09B5589828DA3F530006DE68 /* UsernameAvailableResponse.swift in Sources */ = {isa = PBXBuildFile; fileRef = 09B5589728DA3F530006DE68 /* UsernameAvailableResponse.swift */; };
		09B5589B28DA4DAE0006DE68 /* Lottie in Frameworks */ = {isa = PBXBuildFile; productRef = 09B5589A28DA4DAE0006DE68 /* Lottie */; };
		09B5589D28DA4E920006DE68 /* LottieView.swift in Sources */ = {isa = PBXBuildFile; fileRef = 09B5589C28DA4E920006DE68 /* LottieView.swift */; };
		09B558A128DA50C50006DE68 /* SpinnerView.swift in Sources */ = {isa = PBXBuildFile; fileRef = 09B558A028DA50C50006DE68 /* SpinnerView.swift */; };
		09BBB62128D24DA10007ACEF /* ToastView.swift in Sources */ = {isa = PBXBuildFile; fileRef = 09BBB62028D24DA10007ACEF /* ToastView.swift */; };
		09BBB62328D257F70007ACEF /* UIScreen.swift in Sources */ = {isa = PBXBuildFile; fileRef = 09BBB62228D257F70007ACEF /* UIScreen.swift */; };
		09BBB62628D263ED0007ACEF /* ToastModifier.swift in Sources */ = {isa = PBXBuildFile; fileRef = 09BBB62528D263ED0007ACEF /* ToastModifier.swift */; };
		09BBB62828D2642E0007ACEF /* Toast.swift in Sources */ = {isa = PBXBuildFile; fileRef = 09BBB62728D2642E0007ACEF /* Toast.swift */; };
		09BBB62A28D26B380007ACEF /* View.swift in Sources */ = {isa = PBXBuildFile; fileRef = 09BBB62928D26B380007ACEF /* View.swift */; };
		09BEAA6828D102F500FFEF94 /* FrontendApp.swift in Sources */ = {isa = PBXBuildFile; fileRef = 09BEAA6728D102F500FFEF94 /* FrontendApp.swift */; };
		09BEAA6C28D102F500FFEF94 /* Assets.xcassets in Resources */ = {isa = PBXBuildFile; fileRef = 09BEAA6B28D102F500FFEF94 /* Assets.xcassets */; };
		09BEAA6F28D102F500FFEF94 /* Preview Assets.xcassets in Resources */ = {isa = PBXBuildFile; fileRef = 09BEAA6E28D102F500FFEF94 /* Preview Assets.xcassets */; };
		09BEAA8128D103EB00FFEF94 /* LoginView.swift in Sources */ = {isa = PBXBuildFile; fileRef = 09BEAA8028D103EB00FFEF94 /* LoginView.swift */; };
		09BEAA8328D108DA00FFEF94 /* LoginViewModel.swift in Sources */ = {isa = PBXBuildFile; fileRef = 09BEAA8228D108DA00FFEF94 /* LoginViewModel.swift */; };
		09BEAA8528D10A2C00FFEF94 /* Constants.swift in Sources */ = {isa = PBXBuildFile; fileRef = 09BEAA8428D10A2C00FFEF94 /* Constants.swift */; };
		09BEAA8B28D10D7A00FFEF94 /* LoginRequest.swift in Sources */ = {isa = PBXBuildFile; fileRef = 09BEAA8A28D10D7A00FFEF94 /* LoginRequest.swift */; };
		09BEAA8D28D10DB500FFEF94 /* CoreResponse.swift in Sources */ = {isa = PBXBuildFile; fileRef = 09BEAA8C28D10DB500FFEF94 /* CoreResponse.swift */; };
		09BEAA8F28D10EA800FFEF94 /* LoginResponse.swift in Sources */ = {isa = PBXBuildFile; fileRef = 09BEAA8E28D10EA800FFEF94 /* LoginResponse.swift */; };
		09C0425428D39BFD00FEAC6D /* PreviewProvider.swift in Sources */ = {isa = PBXBuildFile; fileRef = 09C0425328D39BFD00FEAC6D /* PreviewProvider.swift */; };
		09C0425928D3AE2C00FEAC6D /* PasswordFieldView.swift in Sources */ = {isa = PBXBuildFile; fileRef = 09C0425828D3AE2C00FEAC6D /* PasswordFieldView.swift */; };
		09C0425B28D3B2CE00FEAC6D /* Color.swift in Sources */ = {isa = PBXBuildFile; fileRef = 09C0425A28D3B2CE00FEAC6D /* Color.swift */; };
		09C4B2C728DB8B48008621AA /* WalletView.swift in Sources */ = {isa = PBXBuildFile; fileRef = 09C4B2C628DB8B48008621AA /* WalletView.swift */; };
		09C4B2CA28DB8B65008621AA /* AddView.swift in Sources */ = {isa = PBXBuildFile; fileRef = 09C4B2C928DB8B65008621AA /* AddView.swift */; };
		09C4B2CD28DB8B7B008621AA /* ProfileView.swift in Sources */ = {isa = PBXBuildFile; fileRef = 09C4B2CC28DB8B7B008621AA /* ProfileView.swift */; };
		09C4B2D128DB934A008621AA /* ProfileViewModel.swift in Sources */ = {isa = PBXBuildFile; fileRef = 09C4B2D028DB934A008621AA /* ProfileViewModel.swift */; };
		09CB888E28D5BB7D0077F045 /* RegisterRequest.swift in Sources */ = {isa = PBXBuildFile; fileRef = 09CB888D28D5BB7D0077F045 /* RegisterRequest.swift */; };
		09CB889028D5BB840077F045 /* RegisterResponse.swift in Sources */ = {isa = PBXBuildFile; fileRef = 09CB888F28D5BB840077F045 /* RegisterResponse.swift */; };
		09CB889428D5BBC30077F045 /* ActionButtonView.swift in Sources */ = {isa = PBXBuildFile; fileRef = 09CB889328D5BBC30077F045 /* ActionButtonView.swift */; };
		09CB889628D5BD280077F045 /* RegisterView.swift in Sources */ = {isa = PBXBuildFile; fileRef = 09CB889528D5BD280077F045 /* RegisterView.swift */; };
		09CB889A28D5CC0E0077F045 /* TextFieldView.swift in Sources */ = {isa = PBXBuildFile; fileRef = 09CB889928D5CC0E0077F045 /* TextFieldView.swift */; };
		09F5797928D70969003A54B3 /* NetworkManager.swift in Sources */ = {isa = PBXBuildFile; fileRef = 09F5797828D70969003A54B3 /* NetworkManager.swift */; };
/* End PBXBuildFile section */

/* Begin PBXFileReference section */
		0920577628DB650A00BAA9E1 /* TabbarView.swift */ = {isa = PBXFileReference; lastKnownFileType = sourcecode.swift; path = TabbarView.swift; sourceTree = "<group>"; };
		092C862228D7679B007C45F1 /* ApiManager.swift */ = {isa = PBXFileReference; lastKnownFileType = sourcecode.swift; path = ApiManager.swift; sourceTree = "<group>"; };
		092C862428D76EC9007C45F1 /* Errors.swift */ = {isa = PBXFileReference; lastKnownFileType = sourcecode.swift; path = Errors.swift; sourceTree = "<group>"; };
		092C862A28D77931007C45F1 /* UserDefaults.swift */ = {isa = PBXFileReference; lastKnownFileType = sourcecode.swift; path = UserDefaults.swift; sourceTree = "<group>"; };
		099A30E128D497DE00F93215 /* BackgroundModifier.swift */ = {isa = PBXFileReference; lastKnownFileType = sourcecode.swift; path = BackgroundModifier.swift; sourceTree = "<group>"; };
		099D4B5728D63B6B00023AF2 /* TextFieldModifier.swift */ = {isa = PBXFileReference; lastKnownFileType = sourcecode.swift; path = TextFieldModifier.swift; sourceTree = "<group>"; };
		099D4B5928D63BEF00023AF2 /* TextField.swift */ = {isa = PBXFileReference; lastKnownFileType = sourcecode.swift; path = TextField.swift; sourceTree = "<group>"; };
		099D4B5C28D63DEE00023AF2 /* ValidationErrorView.swift */ = {isa = PBXFileReference; lastKnownFileType = sourcecode.swift; path = ValidationErrorView.swift; sourceTree = "<group>"; };
		099D4B5E28D64FC300023AF2 /* AdaptsToKeyboardModifier.swift */ = {isa = PBXFileReference; lastKnownFileType = sourcecode.swift; path = AdaptsToKeyboardModifier.swift; sourceTree = "<group>"; };
		099D4B6428D6536F00023AF2 /* HomeView.swift */ = {isa = PBXFileReference; lastKnownFileType = sourcecode.swift; path = HomeView.swift; sourceTree = "<group>"; };
		099D4B6628D65B5800023AF2 /* RegisterViewModel.swift */ = {isa = PBXFileReference; lastKnownFileType = sourcecode.swift; path = RegisterViewModel.swift; sourceTree = "<group>"; };
		09B5589728DA3F530006DE68 /* UsernameAvailableResponse.swift */ = {isa = PBXFileReference; lastKnownFileType = sourcecode.swift; path = UsernameAvailableResponse.swift; sourceTree = "<group>"; };
		09B5589C28DA4E920006DE68 /* LottieView.swift */ = {isa = PBXFileReference; lastKnownFileType = sourcecode.swift; path = LottieView.swift; sourceTree = "<group>"; };
		09B558A028DA50C50006DE68 /* SpinnerView.swift */ = {isa = PBXFileReference; lastKnownFileType = sourcecode.swift; path = SpinnerView.swift; sourceTree = "<group>"; };
		09BBB62028D24DA10007ACEF /* ToastView.swift */ = {isa = PBXFileReference; lastKnownFileType = sourcecode.swift; path = ToastView.swift; sourceTree = "<group>"; };
		09BBB62228D257F70007ACEF /* UIScreen.swift */ = {isa = PBXFileReference; lastKnownFileType = sourcecode.swift; path = UIScreen.swift; sourceTree = "<group>"; };
		09BBB62528D263ED0007ACEF /* ToastModifier.swift */ = {isa = PBXFileReference; lastKnownFileType = sourcecode.swift; path = ToastModifier.swift; sourceTree = "<group>"; };
		09BBB62728D2642E0007ACEF /* Toast.swift */ = {isa = PBXFileReference; lastKnownFileType = sourcecode.swift; path = Toast.swift; sourceTree = "<group>"; };
		09BBB62928D26B380007ACEF /* View.swift */ = {isa = PBXFileReference; lastKnownFileType = sourcecode.swift; path = View.swift; sourceTree = "<group>"; };
		09BEAA6428D102F500FFEF94 /* Frontend.app */ = {isa = PBXFileReference; explicitFileType = wrapper.application; includeInIndex = 0; path = Frontend.app; sourceTree = BUILT_PRODUCTS_DIR; };
		09BEAA6728D102F500FFEF94 /* FrontendApp.swift */ = {isa = PBXFileReference; lastKnownFileType = sourcecode.swift; path = FrontendApp.swift; sourceTree = "<group>"; };
		09BEAA6B28D102F500FFEF94 /* Assets.xcassets */ = {isa = PBXFileReference; lastKnownFileType = folder.assetcatalog; path = Assets.xcassets; sourceTree = "<group>"; };
		09BEAA6E28D102F500FFEF94 /* Preview Assets.xcassets */ = {isa = PBXFileReference; lastKnownFileType = folder.assetcatalog; path = "Preview Assets.xcassets"; sourceTree = "<group>"; };
		09BEAA8028D103EB00FFEF94 /* LoginView.swift */ = {isa = PBXFileReference; lastKnownFileType = sourcecode.swift; path = LoginView.swift; sourceTree = "<group>"; };
		09BEAA8228D108DA00FFEF94 /* LoginViewModel.swift */ = {isa = PBXFileReference; lastKnownFileType = sourcecode.swift; path = LoginViewModel.swift; sourceTree = "<group>"; };
		09BEAA8428D10A2C00FFEF94 /* Constants.swift */ = {isa = PBXFileReference; lastKnownFileType = sourcecode.swift; path = Constants.swift; sourceTree = "<group>"; };
		09BEAA8A28D10D7A00FFEF94 /* LoginRequest.swift */ = {isa = PBXFileReference; lastKnownFileType = sourcecode.swift; path = LoginRequest.swift; sourceTree = "<group>"; };
		09BEAA8C28D10DB500FFEF94 /* CoreResponse.swift */ = {isa = PBXFileReference; lastKnownFileType = sourcecode.swift; path = CoreResponse.swift; sourceTree = "<group>"; };
		09BEAA8E28D10EA800FFEF94 /* LoginResponse.swift */ = {isa = PBXFileReference; lastKnownFileType = sourcecode.swift; path = LoginResponse.swift; sourceTree = "<group>"; };
		09C0425328D39BFD00FEAC6D /* PreviewProvider.swift */ = {isa = PBXFileReference; lastKnownFileType = sourcecode.swift; path = PreviewProvider.swift; sourceTree = "<group>"; };
		09C0425828D3AE2C00FEAC6D /* PasswordFieldView.swift */ = {isa = PBXFileReference; lastKnownFileType = sourcecode.swift; path = PasswordFieldView.swift; sourceTree = "<group>"; };
		09C0425A28D3B2CE00FEAC6D /* Color.swift */ = {isa = PBXFileReference; lastKnownFileType = sourcecode.swift; path = Color.swift; sourceTree = "<group>"; };
		09C4B2C628DB8B48008621AA /* WalletView.swift */ = {isa = PBXFileReference; lastKnownFileType = sourcecode.swift; path = WalletView.swift; sourceTree = "<group>"; };
		09C4B2C928DB8B65008621AA /* AddView.swift */ = {isa = PBXFileReference; lastKnownFileType = sourcecode.swift; path = AddView.swift; sourceTree = "<group>"; };
		09C4B2CC28DB8B7B008621AA /* ProfileView.swift */ = {isa = PBXFileReference; lastKnownFileType = sourcecode.swift; path = ProfileView.swift; sourceTree = "<group>"; };
		09C4B2D028DB934A008621AA /* ProfileViewModel.swift */ = {isa = PBXFileReference; lastKnownFileType = sourcecode.swift; path = ProfileViewModel.swift; sourceTree = "<group>"; };
		09CB888D28D5BB7D0077F045 /* RegisterRequest.swift */ = {isa = PBXFileReference; lastKnownFileType = sourcecode.swift; path = RegisterRequest.swift; sourceTree = "<group>"; };
		09CB888F28D5BB840077F045 /* RegisterResponse.swift */ = {isa = PBXFileReference; lastKnownFileType = sourcecode.swift; path = RegisterResponse.swift; sourceTree = "<group>"; };
		09CB889328D5BBC30077F045 /* ActionButtonView.swift */ = {isa = PBXFileReference; lastKnownFileType = sourcecode.swift; path = ActionButtonView.swift; sourceTree = "<group>"; };
		09CB889528D5BD280077F045 /* RegisterView.swift */ = {isa = PBXFileReference; lastKnownFileType = sourcecode.swift; path = RegisterView.swift; sourceTree = "<group>"; };
		09CB889928D5CC0E0077F045 /* TextFieldView.swift */ = {isa = PBXFileReference; lastKnownFileType = sourcecode.swift; path = TextFieldView.swift; sourceTree = "<group>"; };
		09F5797828D70969003A54B3 /* NetworkManager.swift */ = {isa = PBXFileReference; lastKnownFileType = sourcecode.swift; path = NetworkManager.swift; sourceTree = "<group>"; };
/* End PBXFileReference section */

/* Begin PBXFrameworksBuildPhase section */
		09BEAA6128D102F500FFEF94 /* Frameworks */ = {
			isa = PBXFrameworksBuildPhase;
			buildActionMask = 2147483647;
			files = (
				09B5589B28DA4DAE0006DE68 /* Lottie in Frameworks */,
			);
			runOnlyForDeploymentPostprocessing = 0;
		};
/* End PBXFrameworksBuildPhase section */

/* Begin PBXGroup section */
		099D4B5B28D63DC700023AF2 /* Form */ = {
			isa = PBXGroup;
			children = (
				09C0425828D3AE2C00FEAC6D /* PasswordFieldView.swift */,
				09CB889328D5BBC30077F045 /* ActionButtonView.swift */,
				09CB889928D5CC0E0077F045 /* TextFieldView.swift */,
				099D4B5C28D63DEE00023AF2 /* ValidationErrorView.swift */,
			);
			path = Form;
			sourceTree = "<group>";
		};
		099D4B6028D6535400023AF2 /* Home */ = {
			isa = PBXGroup;
			children = (
				099D4B6328D6536200023AF2 /* ViewModels */,
				099D4B6128D6535900023AF2 /* Views */,
			);
			path = Home;
			sourceTree = "<group>";
		};
		099D4B6128D6535900023AF2 /* Views */ = {
			isa = PBXGroup;
			children = (
				099D4B6428D6536F00023AF2 /* HomeView.swift */,
			);
			path = Views;
			sourceTree = "<group>";
		};
		099D4B6328D6536200023AF2 /* ViewModels */ = {
			isa = PBXGroup;
			children = (
			);
			path = ViewModels;
			sourceTree = "<group>";
		};
		09BBB62428D263CE0007ACEF /* ViewModifiers */ = {
			isa = PBXGroup;
			children = (
				09BBB62528D263ED0007ACEF /* ToastModifier.swift */,
				099A30E128D497DE00F93215 /* BackgroundModifier.swift */,
				099D4B5728D63B6B00023AF2 /* TextFieldModifier.swift */,
				099D4B5E28D64FC300023AF2 /* AdaptsToKeyboardModifier.swift */,
			);
			path = ViewModifiers;
			sourceTree = "<group>";
		};
		09BEAA5B28D102F500FFEF94 = {
			isa = PBXGroup;
			children = (
				09BEAA6628D102F500FFEF94 /* Frontend */,
				09BEAA6528D102F500FFEF94 /* Products */,
			);
			sourceTree = "<group>";
		};
		09BEAA6528D102F500FFEF94 /* Products */ = {
			isa = PBXGroup;
			children = (
				09BEAA6428D102F500FFEF94 /* Frontend.app */,
			);
			name = Products;
			sourceTree = "<group>";
		};
		09BEAA6628D102F500FFEF94 /* Frontend */ = {
			isa = PBXGroup;
			children = (
				09BEAA7928D1034B00FFEF94 /* Extenstions */,
				09BEAA7A28D1035500FFEF94 /* Utilities */,
				09BEAA7B28D1035D00FFEF94 /* Services */,
				09BEAA7D28D103B400FFEF94 /* Common */,
				09C0425528D3A0F400FEAC6D /* Validations */,
				09BEAA7828D1033A00FFEF94 /* Components */,
				09BBB62428D263CE0007ACEF /* ViewModifiers */,
				09BEAA7528D1032800FFEF94 /* Core */,
				09BEAA6728D102F500FFEF94 /* FrontendApp.swift */,
				09BEAA6B28D102F500FFEF94 /* Assets.xcassets */,
				09BEAA6D28D102F500FFEF94 /* Preview Content */,
			);
			path = Frontend;
			sourceTree = "<group>";
		};
		09BEAA6D28D102F500FFEF94 /* Preview Content */ = {
			isa = PBXGroup;
			children = (
				09BEAA6E28D102F500FFEF94 /* Preview Assets.xcassets */,
			);
			path = "Preview Content";
			sourceTree = "<group>";
		};
		09BEAA7528D1032800FFEF94 /* Core */ = {
			isa = PBXGroup;
			children = (
				09BEAA7728D1033500FFEF94 /* Register */,
				09BEAA7628D1032D00FFEF94 /* Login */,
				099D4B6028D6535400023AF2 /* Home */,
				09C4B2CB28DB8B71008621AA /* Profile */,
				09C4B2C828DB8B58008621AA /* Add */,
				09C4B2C528DB8B41008621AA /* Wallet */,
			);
			path = Core;
			sourceTree = "<group>";
		};
		09BEAA7628D1032D00FFEF94 /* Login */ = {
			isa = PBXGroup;
			children = (
				09BEAA8728D10D3F00FFEF94 /* Models */,
				09BEAA7E28D103CA00FFEF94 /* Views */,
				09BEAA7F28D103D200FFEF94 /* ViewModels */,
			);
			path = Login;
			sourceTree = "<group>";
		};
		09BEAA7728D1033500FFEF94 /* Register */ = {
			isa = PBXGroup;
			children = (
				09CB888A28D5BB590077F045 /* Models */,
				09CB888928D5BB4E0077F045 /* Views */,
				09CB888828D5BB450077F045 /* ViewModels */,
			);
			path = Register;
			sourceTree = "<group>";
		};
		09BEAA7828D1033A00FFEF94 /* Components */ = {
			isa = PBXGroup;
			children = (
				099D4B5B28D63DC700023AF2 /* Form */,
				09BBB62028D24DA10007ACEF /* ToastView.swift */,
				09B5589C28DA4E920006DE68 /* LottieView.swift */,
				09B558A028DA50C50006DE68 /* SpinnerView.swift */,
				0920577628DB650A00BAA9E1 /* TabbarView.swift */,
			);
			path = Components;
			sourceTree = "<group>";
		};
		09BEAA7928D1034B00FFEF94 /* Extenstions */ = {
			isa = PBXGroup;
			children = (
				09BBB62228D257F70007ACEF /* UIScreen.swift */,
				09BBB62928D26B380007ACEF /* View.swift */,
				09C0425328D39BFD00FEAC6D /* PreviewProvider.swift */,
				09C0425A28D3B2CE00FEAC6D /* Color.swift */,
				099D4B5928D63BEF00023AF2 /* TextField.swift */,
				092C862A28D77931007C45F1 /* UserDefaults.swift */,
			);
			path = Extenstions;
			sourceTree = "<group>";
		};
		09BEAA7A28D1035500FFEF94 /* Utilities */ = {
			isa = PBXGroup;
			children = (
				09BEAA8428D10A2C00FFEF94 /* Constants.swift */,
				092C862228D7679B007C45F1 /* ApiManager.swift */,
				09F5797828D70969003A54B3 /* NetworkManager.swift */,
				092C862428D76EC9007C45F1 /* Errors.swift */,
			);
			path = Utilities;
			sourceTree = "<group>";
		};
		09BEAA7B28D1035D00FFEF94 /* Services */ = {
			isa = PBXGroup;
			children = (
			);
			path = Services;
			sourceTree = "<group>";
		};
		09BEAA7C28D1038100FFEF94 /* Models */ = {
			isa = PBXGroup;
			children = (
				09BEAA8C28D10DB500FFEF94 /* CoreResponse.swift */,
				09BBB62728D2642E0007ACEF /* Toast.swift */,
			);
			path = Models;
			sourceTree = "<group>";
		};
		09BEAA7D28D103B400FFEF94 /* Common */ = {
			isa = PBXGroup;
			children = (
				09BEAA7C28D1038100FFEF94 /* Models */,
			);
			path = Common;
			sourceTree = "<group>";
		};
		09BEAA7E28D103CA00FFEF94 /* Views */ = {
			isa = PBXGroup;
			children = (
				09BEAA8028D103EB00FFEF94 /* LoginView.swift */,
			);
			path = Views;
			sourceTree = "<group>";
		};
		09BEAA7F28D103D200FFEF94 /* ViewModels */ = {
			isa = PBXGroup;
			children = (
				09BEAA8228D108DA00FFEF94 /* LoginViewModel.swift */,
			);
			path = ViewModels;
			sourceTree = "<group>";
		};
		09BEAA8728D10D3F00FFEF94 /* Models */ = {
			isa = PBXGroup;
			children = (
				09BEAA8928D10D6D00FFEF94 /* Requests */,
				09BEAA8828D10D6500FFEF94 /* Responses */,
			);
			path = Models;
			sourceTree = "<group>";
		};
		09BEAA8828D10D6500FFEF94 /* Responses */ = {
			isa = PBXGroup;
			children = (
				09BEAA8E28D10EA800FFEF94 /* LoginResponse.swift */,
			);
			path = Responses;
			sourceTree = "<group>";
		};
		09BEAA8928D10D6D00FFEF94 /* Requests */ = {
			isa = PBXGroup;
			children = (
				09BEAA8A28D10D7A00FFEF94 /* LoginRequest.swift */,
			);
			path = Requests;
			sourceTree = "<group>";
		};
		09C0425528D3A0F400FEAC6D /* Validations */ = {
			isa = PBXGroup;
			children = (
			);
			path = Validations;
			sourceTree = "<group>";
		};
		09C4B2C528DB8B41008621AA /* Wallet */ = {
			isa = PBXGroup;
			children = (
				09C4B2C628DB8B48008621AA /* WalletView.swift */,
			);
			path = Wallet;
			sourceTree = "<group>";
		};
		09C4B2C828DB8B58008621AA /* Add */ = {
			isa = PBXGroup;
			children = (
				09C4B2C928DB8B65008621AA /* AddView.swift */,
			);
			path = Add;
			sourceTree = "<group>";
		};
		09C4B2CB28DB8B71008621AA /* Profile */ = {
			isa = PBXGroup;
			children = (
				09C4B2CF28DB933E008621AA /* ViewModels */,
				09C4B2CE28DB92D1008621AA /* Views */,
			);
			path = Profile;
			sourceTree = "<group>";
		};
		09C4B2CE28DB92D1008621AA /* Views */ = {
			isa = PBXGroup;
			children = (
				09C4B2CC28DB8B7B008621AA /* ProfileView.swift */,
			);
			path = Views;
			sourceTree = "<group>";
		};
		09C4B2CF28DB933E008621AA /* ViewModels */ = {
			isa = PBXGroup;
			children = (
				09C4B2D028DB934A008621AA /* ProfileViewModel.swift */,
			);
			path = ViewModels;
			sourceTree = "<group>";
		};
		09CB888828D5BB450077F045 /* ViewModels */ = {
			isa = PBXGroup;
			children = (
				099D4B6628D65B5800023AF2 /* RegisterViewModel.swift */,
			);
			path = ViewModels;
			sourceTree = "<group>";
		};
		09CB888928D5BB4E0077F045 /* Views */ = {
			isa = PBXGroup;
			children = (
				09CB889528D5BD280077F045 /* RegisterView.swift */,
			);
			path = Views;
			sourceTree = "<group>";
		};
		09CB888A28D5BB590077F045 /* Models */ = {
			isa = PBXGroup;
			children = (
				09CB888C28D5BB610077F045 /* Requests */,
				09CB888B28D5BB5C0077F045 /* Responses */,
			);
			path = Models;
			sourceTree = "<group>";
		};
		09CB888B28D5BB5C0077F045 /* Responses */ = {
			isa = PBXGroup;
			children = (
				09CB888F28D5BB840077F045 /* RegisterResponse.swift */,
				09B5589728DA3F530006DE68 /* UsernameAvailableResponse.swift */,
			);
			path = Responses;
			sourceTree = "<group>";
		};
		09CB888C28D5BB610077F045 /* Requests */ = {
			isa = PBXGroup;
			children = (
				09CB888D28D5BB7D0077F045 /* RegisterRequest.swift */,
			);
			path = Requests;
			sourceTree = "<group>";
		};
/* End PBXGroup section */

/* Begin PBXNativeTarget section */
		09BEAA6328D102F500FFEF94 /* Frontend */ = {
			isa = PBXNativeTarget;
			buildConfigurationList = 09BEAA7228D102F500FFEF94 /* Build configuration list for PBXNativeTarget "Frontend" */;
			buildPhases = (
				09BEAA6028D102F500FFEF94 /* Sources */,
				09BEAA6128D102F500FFEF94 /* Frameworks */,
				09BEAA6228D102F500FFEF94 /* Resources */,
			);
			buildRules = (
			);
			dependencies = (
			);
			name = Frontend;
			packageProductDependencies = (
				09B5589A28DA4DAE0006DE68 /* Lottie */,
			);
			productName = Frontend;
			productReference = 09BEAA6428D102F500FFEF94 /* Frontend.app */;
			productType = "com.apple.product-type.application";
		};
/* End PBXNativeTarget section */

/* Begin PBXProject section */
		09BEAA5C28D102F500FFEF94 /* Project object */ = {
			isa = PBXProject;
			attributes = {
				BuildIndependentTargetsInParallel = 1;
				LastSwiftUpdateCheck = 1400;
				LastUpgradeCheck = 1400;
				TargetAttributes = {
					09BEAA6328D102F500FFEF94 = {
						CreatedOnToolsVersion = 14.0;
					};
				};
			};
			buildConfigurationList = 09BEAA5F28D102F500FFEF94 /* Build configuration list for PBXProject "Frontend" */;
			compatibilityVersion = "Xcode 14.0";
			developmentRegion = en;
			hasScannedForEncodings = 0;
			knownRegions = (
				en,
				Base,
			);
			mainGroup = 09BEAA5B28D102F500FFEF94;
			packageReferences = (
				09B5589928DA4DAE0006DE68 /* XCRemoteSwiftPackageReference "lottie-ios" */,
			);
			productRefGroup = 09BEAA6528D102F500FFEF94 /* Products */;
			projectDirPath = "";
			projectRoot = "";
			targets = (
				09BEAA6328D102F500FFEF94 /* Frontend */,
			);
		};
/* End PBXProject section */

/* Begin PBXResourcesBuildPhase section */
		09BEAA6228D102F500FFEF94 /* Resources */ = {
			isa = PBXResourcesBuildPhase;
			buildActionMask = 2147483647;
			files = (
				09BEAA6F28D102F500FFEF94 /* Preview Assets.xcassets in Resources */,
				09BEAA6C28D102F500FFEF94 /* Assets.xcassets in Resources */,
			);
			runOnlyForDeploymentPostprocessing = 0;
		};
/* End PBXResourcesBuildPhase section */

/* Begin PBXSourcesBuildPhase section */
		09BEAA6028D102F500FFEF94 /* Sources */ = {
			isa = PBXSourcesBuildPhase;
			buildActionMask = 2147483647;
			files = (
				099D4B6528D6536F00023AF2 /* HomeView.swift in Sources */,
				09BBB62128D24DA10007ACEF /* ToastView.swift in Sources */,
				09BEAA8128D103EB00FFEF94 /* LoginView.swift in Sources */,
				09BEAA8D28D10DB500FFEF94 /* CoreResponse.swift in Sources */,
				092C862B28D77931007C45F1 /* UserDefaults.swift in Sources */,
				099D4B5A28D63BEF00023AF2 /* TextField.swift in Sources */,
				09CB889628D5BD280077F045 /* RegisterView.swift in Sources */,
				09BEAA6828D102F500FFEF94 /* FrontendApp.swift in Sources */,
				09BBB62328D257F70007ACEF /* UIScreen.swift in Sources */,
				09CB889028D5BB840077F045 /* RegisterResponse.swift in Sources */,
				09B5589828DA3F530006DE68 /* UsernameAvailableResponse.swift in Sources */,
				09C4B2C728DB8B48008621AA /* WalletView.swift in Sources */,
				09C0425B28D3B2CE00FEAC6D /* Color.swift in Sources */,
				09BEAA8328D108DA00FFEF94 /* LoginViewModel.swift in Sources */,
				09CB888E28D5BB7D0077F045 /* RegisterRequest.swift in Sources */,
				09C4B2CA28DB8B65008621AA /* AddView.swift in Sources */,
				09C4B2CD28DB8B7B008621AA /* ProfileView.swift in Sources */,
				09CB889A28D5CC0E0077F045 /* TextFieldView.swift in Sources */,
				092C862528D76EC9007C45F1 /* Errors.swift in Sources */,
				09BEAA8B28D10D7A00FFEF94 /* LoginRequest.swift in Sources */,
				09F5797928D70969003A54B3 /* NetworkManager.swift in Sources */,
				09BEAA8528D10A2C00FFEF94 /* Constants.swift in Sources */,
				099A30E228D497DE00F93215 /* BackgroundModifier.swift in Sources */,
				09B5589D28DA4E920006DE68 /* LottieView.swift in Sources */,
				0920577728DB650A00BAA9E1 /* TabbarView.swift in Sources */,
				09BBB62A28D26B380007ACEF /* View.swift in Sources */,
				099D4B5D28D63DEE00023AF2 /* ValidationErrorView.swift in Sources */,
				09BBB62828D2642E0007ACEF /* Toast.swift in Sources */,
				099D4B5828D63B6B00023AF2 /* TextFieldModifier.swift in Sources */,
				092C862328D7679B007C45F1 /* ApiManager.swift in Sources */,
				09BBB62628D263ED0007ACEF /* ToastModifier.swift in Sources */,
				099D4B5F28D64FC300023AF2 /* AdaptsToKeyboardModifier.swift in Sources */,
				099D4B6728D65B5800023AF2 /* RegisterViewModel.swift in Sources */,
				09BEAA8F28D10EA800FFEF94 /* LoginResponse.swift in Sources */,
				09C0425928D3AE2C00FEAC6D /* PasswordFieldView.swift in Sources */,
				09CB889428D5BBC30077F045 /* ActionButtonView.swift in Sources */,
				09C4B2D128DB934A008621AA /* ProfileViewModel.swift in Sources */,
				09C0425428D39BFD00FEAC6D /* PreviewProvider.swift in Sources */,
				09B558A128DA50C50006DE68 /* SpinnerView.swift in Sources */,
			);
			runOnlyForDeploymentPostprocessing = 0;
		};
/* End PBXSourcesBuildPhase section */

/* Begin XCBuildConfiguration section */
		09BEAA7028D102F500FFEF94 /* Debug */ = {
			isa = XCBuildConfiguration;
			buildSettings = {
				ALWAYS_SEARCH_USER_PATHS = NO;
				CLANG_ANALYZER_NONNULL = YES;
				CLANG_ANALYZER_NUMBER_OBJECT_CONVERSION = YES_AGGRESSIVE;
				CLANG_CXX_LANGUAGE_STANDARD = "gnu++20";
				CLANG_ENABLE_MODULES = YES;
				CLANG_ENABLE_OBJC_ARC = YES;
				CLANG_ENABLE_OBJC_WEAK = YES;
				CLANG_WARN_BLOCK_CAPTURE_AUTORELEASING = YES;
				CLANG_WARN_BOOL_CONVERSION = YES;
				CLANG_WARN_COMMA = YES;
				CLANG_WARN_CONSTANT_CONVERSION = YES;
				CLANG_WARN_DEPRECATED_OBJC_IMPLEMENTATIONS = YES;
				CLANG_WARN_DIRECT_OBJC_ISA_USAGE = YES_ERROR;
				CLANG_WARN_DOCUMENTATION_COMMENTS = YES;
				CLANG_WARN_EMPTY_BODY = YES;
				CLANG_WARN_ENUM_CONVERSION = YES;
				CLANG_WARN_INFINITE_RECURSION = YES;
				CLANG_WARN_INT_CONVERSION = YES;
				CLANG_WARN_NON_LITERAL_NULL_CONVERSION = YES;
				CLANG_WARN_OBJC_IMPLICIT_RETAIN_SELF = YES;
				CLANG_WARN_OBJC_LITERAL_CONVERSION = YES;
				CLANG_WARN_OBJC_ROOT_CLASS = YES_ERROR;
				CLANG_WARN_QUOTED_INCLUDE_IN_FRAMEWORK_HEADER = YES;
				CLANG_WARN_RANGE_LOOP_ANALYSIS = YES;
				CLANG_WARN_STRICT_PROTOTYPES = YES;
				CLANG_WARN_SUSPICIOUS_MOVE = YES;
				CLANG_WARN_UNGUARDED_AVAILABILITY = YES_AGGRESSIVE;
				CLANG_WARN_UNREACHABLE_CODE = YES;
				CLANG_WARN__DUPLICATE_METHOD_MATCH = YES;
				COPY_PHASE_STRIP = NO;
				DEAD_CODE_STRIPPING = NO;
				DEBUG_INFORMATION_FORMAT = dwarf;
				ENABLE_STRICT_OBJC_MSGSEND = YES;
				ENABLE_TESTABILITY = YES;
				GCC_C_LANGUAGE_STANDARD = gnu11;
				GCC_DYNAMIC_NO_PIC = NO;
				GCC_NO_COMMON_BLOCKS = YES;
				GCC_OPTIMIZATION_LEVEL = 0;
				GCC_PREPROCESSOR_DEFINITIONS = (
					"DEBUG=1",
					"$(inherited)",
				);
				GCC_WARN_64_TO_32_BIT_CONVERSION = YES;
				GCC_WARN_ABOUT_RETURN_TYPE = YES_ERROR;
				GCC_WARN_UNDECLARED_SELECTOR = YES;
				GCC_WARN_UNINITIALIZED_AUTOS = YES_AGGRESSIVE;
				GCC_WARN_UNUSED_FUNCTION = YES;
				GCC_WARN_UNUSED_VARIABLE = YES;
				IPHONEOS_DEPLOYMENT_TARGET = 16.0;
				MTL_ENABLE_DEBUG_INFO = INCLUDE_SOURCE;
				MTL_FAST_MATH = YES;
				ONLY_ACTIVE_ARCH = YES;
				SDKROOT = iphoneos;
				SWIFT_ACTIVE_COMPILATION_CONDITIONS = DEBUG;
				SWIFT_OPTIMIZATION_LEVEL = "-Onone";
			};
			name = Debug;
		};
		09BEAA7128D102F500FFEF94 /* Release */ = {
			isa = XCBuildConfiguration;
			buildSettings = {
				ALWAYS_SEARCH_USER_PATHS = NO;
				CLANG_ANALYZER_NONNULL = YES;
				CLANG_ANALYZER_NUMBER_OBJECT_CONVERSION = YES_AGGRESSIVE;
				CLANG_CXX_LANGUAGE_STANDARD = "gnu++20";
				CLANG_ENABLE_MODULES = YES;
				CLANG_ENABLE_OBJC_ARC = YES;
				CLANG_ENABLE_OBJC_WEAK = YES;
				CLANG_WARN_BLOCK_CAPTURE_AUTORELEASING = YES;
				CLANG_WARN_BOOL_CONVERSION = YES;
				CLANG_WARN_COMMA = YES;
				CLANG_WARN_CONSTANT_CONVERSION = YES;
				CLANG_WARN_DEPRECATED_OBJC_IMPLEMENTATIONS = YES;
				CLANG_WARN_DIRECT_OBJC_ISA_USAGE = YES_ERROR;
				CLANG_WARN_DOCUMENTATION_COMMENTS = YES;
				CLANG_WARN_EMPTY_BODY = YES;
				CLANG_WARN_ENUM_CONVERSION = YES;
				CLANG_WARN_INFINITE_RECURSION = YES;
				CLANG_WARN_INT_CONVERSION = YES;
				CLANG_WARN_NON_LITERAL_NULL_CONVERSION = YES;
				CLANG_WARN_OBJC_IMPLICIT_RETAIN_SELF = YES;
				CLANG_WARN_OBJC_LITERAL_CONVERSION = YES;
				CLANG_WARN_OBJC_ROOT_CLASS = YES_ERROR;
				CLANG_WARN_QUOTED_INCLUDE_IN_FRAMEWORK_HEADER = YES;
				CLANG_WARN_RANGE_LOOP_ANALYSIS = YES;
				CLANG_WARN_STRICT_PROTOTYPES = YES;
				CLANG_WARN_SUSPICIOUS_MOVE = YES;
				CLANG_WARN_UNGUARDED_AVAILABILITY = YES_AGGRESSIVE;
				CLANG_WARN_UNREACHABLE_CODE = YES;
				CLANG_WARN__DUPLICATE_METHOD_MATCH = YES;
				COPY_PHASE_STRIP = NO;
				DEAD_CODE_STRIPPING = NO;
				DEBUG_INFORMATION_FORMAT = "dwarf-with-dsym";
				ENABLE_NS_ASSERTIONS = NO;
				ENABLE_STRICT_OBJC_MSGSEND = YES;
				GCC_C_LANGUAGE_STANDARD = gnu11;
				GCC_NO_COMMON_BLOCKS = YES;
				GCC_WARN_64_TO_32_BIT_CONVERSION = YES;
				GCC_WARN_ABOUT_RETURN_TYPE = YES_ERROR;
				GCC_WARN_UNDECLARED_SELECTOR = YES;
				GCC_WARN_UNINITIALIZED_AUTOS = YES_AGGRESSIVE;
				GCC_WARN_UNUSED_FUNCTION = YES;
				GCC_WARN_UNUSED_VARIABLE = YES;
				IPHONEOS_DEPLOYMENT_TARGET = 16.0;
				MTL_ENABLE_DEBUG_INFO = NO;
				MTL_FAST_MATH = YES;
				SDKROOT = iphoneos;
				SWIFT_COMPILATION_MODE = wholemodule;
				SWIFT_OPTIMIZATION_LEVEL = "-O";
				VALIDATE_PRODUCT = YES;
			};
			name = Release;
		};
		09BEAA7328D102F500FFEF94 /* Debug */ = {
			isa = XCBuildConfiguration;
			buildSettings = {
				ASSETCATALOG_COMPILER_APPICON_NAME = AppIcon;
				ASSETCATALOG_COMPILER_GLOBAL_ACCENT_COLOR_NAME = AccentColor;
				CODE_SIGN_STYLE = Automatic;
				CURRENT_PROJECT_VERSION = 1;
				DEVELOPMENT_ASSET_PATHS = "\"Frontend/Preview Content\"";
				DEVELOPMENT_TEAM = DJGCDA644L;
				ENABLE_PREVIEWS = YES;
				GENERATE_INFOPLIST_FILE = YES;
				INFOPLIST_KEY_CFBundleDisplayName = Splitit;
				INFOPLIST_KEY_UIApplicationSceneManifest_Generation = YES;
				INFOPLIST_KEY_UIApplicationSupportsIndirectInputEvents = YES;
				INFOPLIST_KEY_UILaunchScreen_Generation = YES;
				INFOPLIST_KEY_UISupportedInterfaceOrientations_iPad = "UIInterfaceOrientationPortrait UIInterfaceOrientationPortraitUpsideDown UIInterfaceOrientationLandscapeLeft UIInterfaceOrientationLandscapeRight";
				INFOPLIST_KEY_UISupportedInterfaceOrientations_iPhone = "UIInterfaceOrientationPortrait UIInterfaceOrientationLandscapeLeft UIInterfaceOrientationLandscapeRight";
				LD_RUNPATH_SEARCH_PATHS = (
					"$(inherited)",
					"@executable_path/Frameworks",
				);
				MARKETING_VERSION = 1.0;
				PRODUCT_BUNDLE_IDENTIFIER = me.saurabhbomble.Frontend;
				PRODUCT_NAME = "$(TARGET_NAME)";
				SWIFT_EMIT_LOC_STRINGS = YES;
				SWIFT_VERSION = 5.0;
				TARGETED_DEVICE_FAMILY = "1,2";
			};
			name = Debug;
		};
		09BEAA7428D102F500FFEF94 /* Release */ = {
			isa = XCBuildConfiguration;
			buildSettings = {
				ASSETCATALOG_COMPILER_APPICON_NAME = AppIcon;
				ASSETCATALOG_COMPILER_GLOBAL_ACCENT_COLOR_NAME = AccentColor;
				CODE_SIGN_STYLE = Automatic;
				CURRENT_PROJECT_VERSION = 1;
				DEVELOPMENT_ASSET_PATHS = "\"Frontend/Preview Content\"";
				DEVELOPMENT_TEAM = DJGCDA644L;
				ENABLE_PREVIEWS = YES;
				GENERATE_INFOPLIST_FILE = YES;
				INFOPLIST_KEY_CFBundleDisplayName = Splitit;
				INFOPLIST_KEY_UIApplicationSceneManifest_Generation = YES;
				INFOPLIST_KEY_UIApplicationSupportsIndirectInputEvents = YES;
				INFOPLIST_KEY_UILaunchScreen_Generation = YES;
				INFOPLIST_KEY_UISupportedInterfaceOrientations_iPad = "UIInterfaceOrientationPortrait UIInterfaceOrientationPortraitUpsideDown UIInterfaceOrientationLandscapeLeft UIInterfaceOrientationLandscapeRight";
				INFOPLIST_KEY_UISupportedInterfaceOrientations_iPhone = "UIInterfaceOrientationPortrait UIInterfaceOrientationLandscapeLeft UIInterfaceOrientationLandscapeRight";
				LD_RUNPATH_SEARCH_PATHS = (
					"$(inherited)",
					"@executable_path/Frameworks",
				);
				MARKETING_VERSION = 1.0;
				PRODUCT_BUNDLE_IDENTIFIER = me.saurabhbomble.Frontend;
				PRODUCT_NAME = "$(TARGET_NAME)";
				SWIFT_EMIT_LOC_STRINGS = YES;
				SWIFT_VERSION = 5.0;
				TARGETED_DEVICE_FAMILY = "1,2";
			};
			name = Release;
		};
/* End XCBuildConfiguration section */

/* Begin XCConfigurationList section */
		09BEAA5F28D102F500FFEF94 /* Build configuration list for PBXProject "Frontend" */ = {
			isa = XCConfigurationList;
			buildConfigurations = (
				09BEAA7028D102F500FFEF94 /* Debug */,
				09BEAA7128D102F500FFEF94 /* Release */,
			);
			defaultConfigurationIsVisible = 0;
			defaultConfigurationName = Release;
		};
		09BEAA7228D102F500FFEF94 /* Build configuration list for PBXNativeTarget "Frontend" */ = {
			isa = XCConfigurationList;
			buildConfigurations = (
				09BEAA7328D102F500FFEF94 /* Debug */,
				09BEAA7428D102F500FFEF94 /* Release */,
			);
			defaultConfigurationIsVisible = 0;
			defaultConfigurationName = Release;
		};
/* End XCConfigurationList section */

/* Begin XCRemoteSwiftPackageReference section */
		09B5589928DA4DAE0006DE68 /* XCRemoteSwiftPackageReference "lottie-ios" */ = {
			isa = XCRemoteSwiftPackageReference;
			repositoryURL = "https://github.com/airbnb/lottie-ios";
			requirement = {
				kind = upToNextMajorVersion;
				minimumVersion = 3.0.0;
			};
		};
/* End XCRemoteSwiftPackageReference section */

/* Begin XCSwiftPackageProductDependency section */
		09B5589A28DA4DAE0006DE68 /* Lottie */ = {
			isa = XCSwiftPackageProductDependency;
			package = 09B5589928DA4DAE0006DE68 /* XCRemoteSwiftPackageReference "lottie-ios" */;
			productName = Lottie;
		};
/* End XCSwiftPackageProductDependency section */
	};
	rootObject = 09BEAA5C28D102F500FFEF94 /* Project object */;
}
